// !$*UTF8*$!
{
	archiveVersion = 1;
	classes = {
	};
	objectVersion = 50;
	objects = {

/* Begin PBXBuildFile section */
		B02840992243DB2000B76317 /* AppDelegate.swift in Sources */ = {isa = PBXBuildFile; fileRef = B02840982243DB2000B76317 /* AppDelegate.swift */; };
		B028409B2243DB2000B76317 /* ViewController.swift in Sources */ = {isa = PBXBuildFile; fileRef = B028409A2243DB2000B76317 /* ViewController.swift */; };
		B028409E2243DB2000B76317 /* Main.storyboard in Resources */ = {isa = PBXBuildFile; fileRef = B028409C2243DB2000B76317 /* Main.storyboard */; };
		B02840A02243DB2000B76317 /* Assets.xcassets in Resources */ = {isa = PBXBuildFile; fileRef = B028409F2243DB2000B76317 /* Assets.xcassets */; };
		B02840A32243DB2000B76317 /* LaunchScreen.storyboard in Resources */ = {isa = PBXBuildFile; fileRef = B02840A12243DB2000B76317 /* LaunchScreen.storyboard */; };
		B07434522243EAFD00645729 /* KeyCell.swift in Sources */ = {isa = PBXBuildFile; fileRef = B07434512243EAFD00645729 /* KeyCell.swift */; };
		B07434542243EC3300645729 /* UIView+Layout.swift in Sources */ = {isa = PBXBuildFile; fileRef = B07434532243EC3300645729 /* UIView+Layout.swift */; };
/* End PBXBuildFile section */

/* Begin PBXFileReference section */
		B02840952243DB1F00B76317 /* NumPadLBTA.app */ = {isa = PBXFileReference; explicitFileType = wrapper.application; includeInIndex = 0; path = NumPadLBTA.app; sourceTree = BUILT_PRODUCTS_DIR; };
		B02840982243DB2000B76317 /* AppDelegate.swift */ = {isa = PBXFileReference; lastKnownFileType = sourcecode.swift; path = AppDelegate.swift; sourceTree = "<group>"; };
		B028409A2243DB2000B76317 /* ViewController.swift */ = {isa = PBXFileReference; lastKnownFileType = sourcecode.swift; path = ViewController.swift; sourceTree = "<group>"; };
		B028409D2243DB2000B76317 /* Base */ = {isa = PBXFileReference; lastKnownFileType = file.storyboard; name = Base; path = Base.lproj/Main.storyboard; sourceTree = "<group>"; };
		B028409F2243DB2000B76317 /* Assets.xcassets */ = {isa = PBXFileReference; lastKnownFileType = folder.assetcatalog; path = Assets.xcassets; sourceTree = "<group>"; };
		B02840A22243DB2000B76317 /* Base */ = {isa = PBXFileReference; lastKnownFileType = file.storyboard; name = Base; path = Base.lproj/LaunchScreen.storyboard; sourceTree = "<group>"; };
		B02840A42243DB2000B76317 /* Info.plist */ = {isa = PBXFileReference; lastKnownFileType = text.plist.xml; path = Info.plist; sourceTree = "<group>"; };
		B07434512243EAFD00645729 /* KeyCell.swift */ = {isa = PBXFileReference; lastKnownFileType = sourcecode.swift; path = KeyCell.swift; sourceTree = "<group>"; };
		B07434532243EC3300645729 /* UIView+Layout.swift */ = {isa = PBXFileReference; fileEncoding = 4; lastKnownFileType = sourcecode.swift; path = "UIView+Layout.swift"; sourceTree = "<group>"; };
/* End PBXFileReference section */

/* Begin PBXFrameworksBuildPhase section */
		B02840922243DB1F00B76317 /* Frameworks */ = {
			isa = PBXFrameworksBuildPhase;
			buildActionMask = 2147483647;
			files = (
			);
			runOnlyForDeploymentPostprocessing = 0;
		};
/* End PBXFrameworksBuildPhase section */

/* Begin PBXGroup section */
		B028408C2243DB1F00B76317 = {
			isa = PBXGroup;
			children = (
				B02840972243DB1F00B76317 /* NumPadLBTA */,
				B02840962243DB1F00B76317 /* Products */,
			);
			sourceTree = "<group>";
		};
		B02840962243DB1F00B76317 /* Products */ = {
			isa = PBXGroup;
			children = (
				B02840952243DB1F00B76317 /* NumPadLBTA.app */,
			);
			name = Products;
			sourceTree = "<group>";
		};
		B02840972243DB1F00B76317 /* NumPadLBTA */ = {
			isa = PBXGroup;
			children = (
				B02840982243DB2000B76317 /* AppDelegate.swift */,
				B028409A2243DB2000B76317 /* ViewController.swift */,
				B07434512243EAFD00645729 /* KeyCell.swift */,
				B07434532243EC3300645729 /* UIView+Layout.swift */,
				B028409C2243DB2000B76317 /* Main.storyboard */,
				B028409F2243DB2000B76317 /* Assets.xcassets */,
				B02840A12243DB2000B76317 /* LaunchScreen.storyboard */,
				B02840A42243DB2000B76317 /* Info.plist */,
			);
			path = NumPadLBTA;
			sourceTree = "<group>";
		};
/* End PBXGroup section */

/* Begin PBXNativeTarget section */
		B02840942243DB1F00B76317 /* NumPadLBTA */ = {
			isa = PBXNativeTarget;
			buildConfigurationList = B02840A72243DB2000B76317 /* Build configuration list for PBXNativeTarget "NumPadLBTA" */;
			buildPhases = (
				B02840912243DB1F00B76317 /* Sources */,
				B02840922243DB1F00B76317 /* Frameworks */,
				B02840932243DB1F00B76317 /* Resources */,
			);
			buildRules = (
			);
			dependencies = (
			);
			name = NumPadLBTA;
			productName = NumPadLBTA;
			productReference = B02840952243DB1F00B76317 /* NumPadLBTA.app */;
			productType = "com.apple.product-type.application";
		};
/* End PBXNativeTarget section */

/* Begin PBXProject section */
		B028408D2243DB1F00B76317 /* Project object */ = {
			isa = PBXProject;
			attributes = {
				LastSwiftUpdateCheck = 1010;
				LastUpgradeCheck = 1010;
				ORGANIZATIONNAME = "Maksim Nosov";
				TargetAttributes = {
					B02840942243DB1F00B76317 = {
						CreatedOnToolsVersion = 10.1;
					};
				};
			};
			buildConfigurationList = B02840902243DB1F00B76317 /* Build configuration list for PBXProject "NumPadLBTA" */;
			compatibilityVersion = "Xcode 9.3";
			developmentRegion = en;
			hasScannedForEncodings = 0;
			knownRegions = (
				en,
				Base,
			);
			mainGroup = B028408C2243DB1F00B76317;
			productRefGroup = B02840962243DB1F00B76317 /* Products */;
			projectDirPath = "";
			projectRoot = "";
			targets = (
				B02840942243DB1F00B76317 /* NumPadLBTA */,
			);
		};
/* End PBXProject section */

/* Begin PBXResourcesBuildPhase section */
		B02840932243DB1F00B76317 /* Resources */ = {
			isa = PBXResourcesBuildPhase;
			buildActionMask = 2147483647;
			files = (
				B02840A32243DB2000B76317 /* LaunchScreen.storyboard in Resources */,
				B02840A02243DB2000B76317 /* Assets.xcassets in Resources */,
				B028409E2243DB2000B76317 /* Main.storyboard in Resources */,
			);
			runOnlyForDeploymentPostprocessing = 0;
		};
/* End PBXResourcesBuildPhase section */

/* Begin PBXSourcesBuildPhase section */
		B02840912243DB1F00B76317 /* Sources */ = {
			isa = PBXSourcesBuildPhase;
			buildActionMask = 2147483647;
			files = (
				B07434542243EC3300645729 /* UIView+Layout.swift in Sources */,
				B07434522243EAFD00645729 /* KeyCell.swift in Sources */,
				B028409B2243DB2000B76317 /* ViewController.swift in Sources */,
				B02840992243DB2000B76317 /* AppDelegate.swift in Sources */,
			);
			runOnlyForDeploymentPostprocessing = 0;
		};
/* End PBXSourcesBuildPhase section */

/* Begin PBXVariantGroup section */
		B028409C2243DB2000B76317 /* Main.storyboard */ = {
			isa = PBXVariantGroup;
			children = (
				B028409D2243DB2000B76317 /* Base */,
			);
			name = Main.storyboard;
			sourceTree = "<group>";
		};
		B02840A12243DB2000B76317 /* LaunchScreen.storyboard */ = {
			isa = PBXVariantGroup;
			children = (
				B02840A22243DB2000B76317 /* Base */,
			);
			name = LaunchScreen.storyboard;
			sourceTree = "<group>";
		};
/* End PBXVariantGroup section */

/* Begin XCBuildConfiguration section */
		B02840A52243DB2000B76317 /* Debug */ = {
			isa = XCBuildConfiguration;
			buildSettings = {
				ALWAYS_SEARCH_USER_PATHS = NO;
				CLANG_ANALYZER_NONNULL = YES;
				CLANG_ANALYZER_NUMBER_OBJECT_CONVERSION = YES_AGGRESSIVE;
				CLANG_CXX_LANGUAGE_STANDARD = "gnu++14";
				CLANG_CXX_LIBRARY = "libc++";
				CLANG_ENABLE_MODULES = YES;
				CLANG_ENABLE_OBJC_ARC = YES;
				CLANG_ENABLE_OBJC_WEAK = YES;
				CLANG_WARN_BLOCK_CAPTURE_AUTORELEASING = YES;
				CLANG_WARN_BOOL_CONVERSION = YES;
				CLANG_WARN_COMMA = YES;
				CLANG_WARN_CONSTANT_CONVERSION = YES;
				CLANG_WARN_DEPRECATED_OBJC_IMPLEMENTATIONS = YES;
				CLANG_WARN_DIRECT_OBJC_ISA_USAGE = YES_ERROR;
				CLANG_WARN_DOCUMENTATION_COMMENTS = YES;
				CLANG_WARN_EMPTY_BODY = YES;
				CLANG_WARN_ENUM_CONVERSION = YES;
				CLANG_WARN_INFINITE_RECURSION = YES;
				CLANG_WARN_INT_CONVERSION = YES;
				CLANG_WARN_NON_LITERAL_NULL_CONVERSION = YES;
				CLANG_WARN_OBJC_IMPLICIT_RETAIN_SELF = YES;
				CLANG_WARN_OBJC_LITERAL_CONVERSION = YES;
				CLANG_WARN_OBJC_ROOT_CLASS = YES_ERROR;
				CLANG_WARN_RANGE_LOOP_ANALYSIS = YES;
				CLANG_WARN_STRICT_PROTOTYPES = YES;
				CLANG_WARN_SUSPICIOUS_MOVE = YES;
				CLANG_WARN_UNGUARDED_AVAILABILITY = YES_AGGRESSIVE;
				CLANG_WARN_UNREACHABLE_CODE = YES;
				CLANG_WARN__DUPLICATE_METHOD_MATCH = YES;
				CODE_SIGN_IDENTITY = "iPhone Developer";
				COPY_PHASE_STRIP = NO;
				DEBUG_INFORMATION_FORMAT = dwarf;
				ENABLE_STRICT_OBJC_MSGSEND = YES;
				ENABLE_TESTABILITY = YES;
				GCC_C_LANGUAGE_STANDARD = gnu11;
				GCC_DYNAMIC_NO_PIC = NO;
				GCC_NO_COMMON_BLOCKS = YES;
				GCC_OPTIMIZATION_LEVEL = 0;
				GCC_PREPROCESSOR_DEFINITIONS = (
					"DEBUG=1",
					"$(inherited)",
				);
				GCC_WARN_64_TO_32_BIT_CONVERSION = YES;
				GCC_WARN_ABOUT_RETURN_TYPE = YES_ERROR;
				GCC_WARN_UNDECLARED_SELECTOR = YES;
				GCC_WARN_UNINITIALIZED_AUTOS = YES_AGGRESSIVE;
				GCC_WARN_UNUSED_FUNCTION = YES;
				GCC_WARN_UNUSED_VARIABLE = YES;
				IPHONEOS_DEPLOYMENT_TARGET = 12.1;
				MTL_ENABLE_DEBUG_INFO = INCLUDE_SOURCE;
				MTL_FAST_MATH = YES;
				ONLY_ACTIVE_ARCH = YES;
				SDKROOT = iphoneos;
				SWIFT_ACTIVE_COMPILATION_CONDITIONS = DEBUG;
				SWIFT_OPTIMIZATION_LEVEL = "-Onone";
			};
			name = Debug;
		};
		B02840A62243DB2000B76317 /* Release */ = {
			isa = XCBuildConfiguration;
			buildSettings = {
				ALWAYS_SEARCH_USER_PATHS = NO;
				CLANG_ANALYZER_NONNULL = YES;
				CLANG_ANALYZER_NUMBER_OBJECT_CONVERSION = YES_AGGRESSIVE;
				CLANG_CXX_LANGUAGE_STANDARD = "gnu++14";
				CLANG_CXX_LIBRARY = "libc++";
				CLANG_ENABLE_MODULES = YES;
				CLANG_ENABLE_OBJC_ARC = YES;
				CLANG_ENABLE_OBJC_WEAK = YES;
				CLANG_WARN_BLOCK_CAPTURE_AUTORELEASING = YES;
				CLANG_WARN_BOOL_CONVERSION = YES;
				CLANG_WARN_COMMA = YES;
				CLANG_WARN_CONSTANT_CONVERSION = YES;
				CLANG_WARN_DEPRECATED_OBJC_IMPLEMENTATIONS = YES;
				CLANG_WARN_DIRECT_OBJC_ISA_USAGE = YES_ERROR;
				CLANG_WARN_DOCUMENTATION_COMMENTS = YES;
				CLANG_WARN_EMPTY_BODY = YES;
				CLANG_WARN_ENUM_CONVERSION = YES;
				CLANG_WARN_INFINITE_RECURSION = YES;
				CLANG_WARN_INT_CONVERSION = YES;
				CLANG_WARN_NON_LITERAL_NULL_CONVERSION = YES;
				CLANG_WARN_OBJC_IMPLICIT_RETAIN_SELF = YES;
				CLANG_WARN_OBJC_LITERAL_CONVERSION = YES;
				CLANG_WARN_OBJC_ROOT_CLASS = YES_ERROR;
				CLANG_WARN_RANGE_LOOP_ANALYSIS = YES;
				CLANG_WARN_STRICT_PROTOTYPES = YES;
				CLANG_WARN_SUSPICIOUS_MOVE = YES;
				CLANG_WARN_UNGUARDED_AVAILABILITY = YES_AGGRESSIVE;
				CLANG_WARN_UNREACHABLE_CODE = YES;
				CLANG_WARN__DUPLICATE_METHOD_MATCH = YES;
				CODE_SIGN_IDENTITY = "iPhone Developer";
				COPY_PHASE_STRIP = NO;
				DEBUG_INFORMATION_FORMAT = "dwarf-with-dsym";
				ENABLE_NS_ASSERTIONS = NO;
				ENABLE_STRICT_OBJC_MSGSEND = YES;
				GCC_C_LANGUAGE_STANDARD = gnu11;
				GCC_NO_COMMON_BLOCKS = YES;
				GCC_WARN_64_TO_32_BIT_CONVERSION = YES;
				GCC_WARN_ABOUT_RETURN_TYPE = YES_ERROR;
				GCC_WARN_UNDECLARED_SELECTOR = YES;
				GCC_WARN_UNINITIALIZED_AUTOS = YES_AGGRESSIVE;
				GCC_WARN_UNUSED_FUNCTION = YES;
				GCC_WARN_UNUSED_VARIABLE = YES;
				IPHONEOS_DEPLOYMENT_TARGET = 12.1;
				MTL_ENABLE_DEBUG_INFO = NO;
				MTL_FAST_MATH = YES;
				SDKROOT = iphoneos;
				SWIFT_COMPILATION_MODE = wholemodule;
				SWIFT_OPTIMIZATION_LEVEL = "-O";
				VALIDATE_PRODUCT = YES;
			};
			name = Release;
		};
		B02840A82243DB2000B76317 /* Debug */ = {
			isa = XCBuildConfiguration;
			buildSettings = {
				ASSETCATALOG_COMPILER_APPICON_NAME = AppIcon;
				CODE_SIGN_STYLE = Automatic;
				DEVELOPMENT_TEAM = RXJ69EWCMT;
				INFOPLIST_FILE = NumPadLBTA/Info.plist;
				LD_RUNPATH_SEARCH_PATHS = (
					"$(inherited)",
					"@executable_path/Frameworks",
				);
				PRODUCT_BUNDLE_IDENTIFIER = ozolc.NumPadLBTA;
				PRODUCT_NAME = "$(TARGET_NAME)";
				SWIFT_VERSION = 4.2;
				TARGETED_DEVICE_FAMILY = "1,2";
			};
			name = Debug;
		};
		B02840A92243DB2000B76317 /* Release */ = {
			isa = XCBuildConfiguration;
			buildSettings = {
				ASSETCATALOG_COMPILER_APPICON_NAME = AppIcon;
				CODE_SIGN_STYLE = Automatic;
				DEVELOPMENT_TEAM = RXJ69EWCMT;
				INFOPLIST_FILE = NumPadLBTA/Info.plist;
				LD_RUNPATH_SEARCH_PATHS = (
					"$(inherited)",
					"@executable_path/Frameworks",
				);
				PRODUCT_BUNDLE_IDENTIFIER = ozolc.NumPadLBTA;
				PRODUCT_NAME = "$(TARGET_NAME)";
				SWIFT_VERSION = 4.2;
				TARGETED_DEVICE_FAMILY = "1,2";
			};
			name = Release;
		};
/* End XCBuildConfiguration section */

/* Begin XCConfigurationList section */
		B02840902243DB1F00B76317 /* Build configuration list for PBXProject "NumPadLBTA" */ = {
			isa = XCConfigurationList;
			buildConfigurations = (
				B02840A52243DB2000B76317 /* Debug */,
				B02840A62243DB2000B76317 /* Release */,
			);
			defaultConfigurationIsVisible = 0;
			defaultConfigurationName = Release;
		};
		B02840A72243DB2000B76317 /* Build configuration list for PBXNativeTarget "NumPadLBTA" */ = {
			isa = XCConfigurationList;
			buildConfigurations = (
				B02840A82243DB2000B76317 /* Debug */,
				B02840A92243DB2000B76317 /* Release */,
			);
			defaultConfigurationIsVisible = 0;
			defaultConfigurationName = Release;
		};
/* End XCConfigurationList section */
	};
	rootObject = B028408D2243DB1F00B76317 /* Project object */;
}
