// !$*UTF8*$!
{
	archiveVersion = 1;
	classes = {
	};
	objectVersion = 50;
	objects = {

/* Begin PBXBuildFile section */
		B0671ABF23264F7200C494A9 /* AppDelegate.swift in Sources */ = {isa = PBXBuildFile; fileRef = B0671ABE23264F7200C494A9 /* AppDelegate.swift */; };
		B0671AC123264F7200C494A9 /* CompaniesController.swift in Sources */ = {isa = PBXBuildFile; fileRef = B0671AC023264F7200C494A9 /* CompaniesController.swift */; };
		B0671AC423264F7200C494A9 /* Main.storyboard in Resources */ = {isa = PBXBuildFile; fileRef = B0671AC223264F7200C494A9 /* Main.storyboard */; };
		B0671AC623264F7400C494A9 /* Assets.xcassets in Resources */ = {isa = PBXBuildFile; fileRef = B0671AC523264F7400C494A9 /* Assets.xcassets */; };
		B0671AC923264F7400C494A9 /* LaunchScreen.storyboard in Resources */ = {isa = PBXBuildFile; fileRef = B0671AC723264F7400C494A9 /* LaunchScreen.storyboard */; };
		B0671AD12326584E00C494A9 /* UIColor+theme.swift in Sources */ = {isa = PBXBuildFile; fileRef = B0671AD02326584E00C494A9 /* UIColor+theme.swift */; };
		B0671AD323265DF500C494A9 /* Company.swift in Sources */ = {isa = PBXBuildFile; fileRef = B0671AD223265DF500C494A9 /* Company.swift */; };
		B0671AD52326611B00C494A9 /* CreateCompanyController.swift in Sources */ = {isa = PBXBuildFile; fileRef = B0671AD42326611B00C494A9 /* CreateCompanyController.swift */; };
/* End PBXBuildFile section */

/* Begin PBXFileReference section */
		B0671ABB23264F7200C494A9 /* IntermediateTraining.app */ = {isa = PBXFileReference; explicitFileType = wrapper.application; includeInIndex = 0; path = IntermediateTraining.app; sourceTree = BUILT_PRODUCTS_DIR; };
		B0671ABE23264F7200C494A9 /* AppDelegate.swift */ = {isa = PBXFileReference; lastKnownFileType = sourcecode.swift; path = AppDelegate.swift; sourceTree = "<group>"; };
		B0671AC023264F7200C494A9 /* CompaniesController.swift */ = {isa = PBXFileReference; lastKnownFileType = sourcecode.swift; path = CompaniesController.swift; sourceTree = "<group>"; };
		B0671AC323264F7200C494A9 /* Base */ = {isa = PBXFileReference; lastKnownFileType = file.storyboard; name = Base; path = Base.lproj/Main.storyboard; sourceTree = "<group>"; };
		B0671AC523264F7400C494A9 /* Assets.xcassets */ = {isa = PBXFileReference; lastKnownFileType = folder.assetcatalog; path = Assets.xcassets; sourceTree = "<group>"; };
		B0671AC823264F7400C494A9 /* Base */ = {isa = PBXFileReference; lastKnownFileType = file.storyboard; name = Base; path = Base.lproj/LaunchScreen.storyboard; sourceTree = "<group>"; };
		B0671ACA23264F7400C494A9 /* Info.plist */ = {isa = PBXFileReference; lastKnownFileType = text.plist.xml; path = Info.plist; sourceTree = "<group>"; };
		B0671AD02326584E00C494A9 /* UIColor+theme.swift */ = {isa = PBXFileReference; lastKnownFileType = sourcecode.swift; path = "UIColor+theme.swift"; sourceTree = "<group>"; };
		B0671AD223265DF500C494A9 /* Company.swift */ = {isa = PBXFileReference; lastKnownFileType = sourcecode.swift; path = Company.swift; sourceTree = "<group>"; };
		B0671AD42326611B00C494A9 /* CreateCompanyController.swift */ = {isa = PBXFileReference; lastKnownFileType = sourcecode.swift; path = CreateCompanyController.swift; sourceTree = "<group>"; };
/* End PBXFileReference section */

/* Begin PBXFrameworksBuildPhase section */
		B0671AB823264F7200C494A9 /* Frameworks */ = {
			isa = PBXFrameworksBuildPhase;
			buildActionMask = 2147483647;
			files = (
			);
			runOnlyForDeploymentPostprocessing = 0;
		};
/* End PBXFrameworksBuildPhase section */

/* Begin PBXGroup section */
		B0671AB223264F7200C494A9 = {
			isa = PBXGroup;
			children = (
				B0671ABD23264F7200C494A9 /* IntermediateTraining */,
				B0671ABC23264F7200C494A9 /* Products */,
			);
			sourceTree = "<group>";
		};
		B0671ABC23264F7200C494A9 /* Products */ = {
			isa = PBXGroup;
			children = (
				B0671ABB23264F7200C494A9 /* IntermediateTraining.app */,
			);
			name = Products;
			sourceTree = "<group>";
		};
		B0671ABD23264F7200C494A9 /* IntermediateTraining */ = {
			isa = PBXGroup;
			children = (
				B0671ABE23264F7200C494A9 /* AppDelegate.swift */,
				B0671AC023264F7200C494A9 /* CompaniesController.swift */,
				B0671AC223264F7200C494A9 /* Main.storyboard */,
				B0671AC523264F7400C494A9 /* Assets.xcassets */,
				B0671AC723264F7400C494A9 /* LaunchScreen.storyboard */,
				B0671ACA23264F7400C494A9 /* Info.plist */,
				B0671AD02326584E00C494A9 /* UIColor+theme.swift */,
				B0671AD223265DF500C494A9 /* Company.swift */,
				B0671AD42326611B00C494A9 /* CreateCompanyController.swift */,
			);
			path = IntermediateTraining;
			sourceTree = "<group>";
		};
/* End PBXGroup section */

/* Begin PBXNativeTarget section */
		B0671ABA23264F7200C494A9 /* IntermediateTraining */ = {
			isa = PBXNativeTarget;
			buildConfigurationList = B0671ACD23264F7400C494A9 /* Build configuration list for PBXNativeTarget "IntermediateTraining" */;
			buildPhases = (
				B0671AB723264F7200C494A9 /* Sources */,
				B0671AB823264F7200C494A9 /* Frameworks */,
				B0671AB923264F7200C494A9 /* Resources */,
			);
			buildRules = (
			);
			dependencies = (
			);
			name = IntermediateTraining;
			productName = IntermediateTraining;
			productReference = B0671ABB23264F7200C494A9 /* IntermediateTraining.app */;
			productType = "com.apple.product-type.application";
		};
/* End PBXNativeTarget section */

/* Begin PBXProject section */
		B0671AB323264F7200C494A9 /* Project object */ = {
			isa = PBXProject;
			attributes = {
				LastSwiftUpdateCheck = 1030;
				LastUpgradeCheck = 1030;
				ORGANIZATIONNAME = "Maksim Nosov";
				TargetAttributes = {
					B0671ABA23264F7200C494A9 = {
						CreatedOnToolsVersion = 10.3;
					};
				};
			};
			buildConfigurationList = B0671AB623264F7200C494A9 /* Build configuration list for PBXProject "IntermediateTraining" */;
			compatibilityVersion = "Xcode 9.3";
			developmentRegion = en;
			hasScannedForEncodings = 0;
			knownRegions = (
				en,
				Base,
			);
			mainGroup = B0671AB223264F7200C494A9;
			productRefGroup = B0671ABC23264F7200C494A9 /* Products */;
			projectDirPath = "";
			projectRoot = "";
			targets = (
				B0671ABA23264F7200C494A9 /* IntermediateTraining */,
			);
		};
/* End PBXProject section */

/* Begin PBXResourcesBuildPhase section */
		B0671AB923264F7200C494A9 /* Resources */ = {
			isa = PBXResourcesBuildPhase;
			buildActionMask = 2147483647;
			files = (
				B0671AC923264F7400C494A9 /* LaunchScreen.storyboard in Resources */,
				B0671AC623264F7400C494A9 /* Assets.xcassets in Resources */,
				B0671AC423264F7200C494A9 /* Main.storyboard in Resources */,
			);
			runOnlyForDeploymentPostprocessing = 0;
		};
/* End PBXResourcesBuildPhase section */

/* Begin PBXSourcesBuildPhase section */
		B0671AB723264F7200C494A9 /* Sources */ = {
			isa = PBXSourcesBuildPhase;
			buildActionMask = 2147483647;
			files = (
				B0671AD12326584E00C494A9 /* UIColor+theme.swift in Sources */,
				B0671AC123264F7200C494A9 /* CompaniesController.swift in Sources */,
				B0671AD52326611B00C494A9 /* CreateCompanyController.swift in Sources */,
				B0671ABF23264F7200C494A9 /* AppDelegate.swift in Sources */,
				B0671AD323265DF500C494A9 /* Company.swift in Sources */,
			);
			runOnlyForDeploymentPostprocessing = 0;
		};
/* End PBXSourcesBuildPhase section */

/* Begin PBXVariantGroup section */
		B0671AC223264F7200C494A9 /* Main.storyboard */ = {
			isa = PBXVariantGroup;
			children = (
				B0671AC323264F7200C494A9 /* Base */,
			);
			name = Main.storyboard;
			sourceTree = "<group>";
		};
		B0671AC723264F7400C494A9 /* LaunchScreen.storyboard */ = {
			isa = PBXVariantGroup;
			children = (
				B0671AC823264F7400C494A9 /* Base */,
			);
			name = LaunchScreen.storyboard;
			sourceTree = "<group>";
		};
/* End PBXVariantGroup section */

/* Begin XCBuildConfiguration section */
		B0671ACB23264F7400C494A9 /* Debug */ = {
			isa = XCBuildConfiguration;
			buildSettings = {
				ALWAYS_SEARCH_USER_PATHS = NO;
				CLANG_ANALYZER_NONNULL = YES;
				CLANG_ANALYZER_NUMBER_OBJECT_CONVERSION = YES_AGGRESSIVE;
				CLANG_CXX_LANGUAGE_STANDARD = "gnu++14";
				CLANG_CXX_LIBRARY = "libc++";
				CLANG_ENABLE_MODULES = YES;
				CLANG_ENABLE_OBJC_ARC = YES;
				CLANG_ENABLE_OBJC_WEAK = YES;
				CLANG_WARN_BLOCK_CAPTURE_AUTORELEASING = YES;
				CLANG_WARN_BOOL_CONVERSION = YES;
				CLANG_WARN_COMMA = YES;
				CLANG_WARN_CONSTANT_CONVERSION = YES;
				CLANG_WARN_DEPRECATED_OBJC_IMPLEMENTATIONS = YES;
				CLANG_WARN_DIRECT_OBJC_ISA_USAGE = YES_ERROR;
				CLANG_WARN_DOCUMENTATION_COMMENTS = YES;
				CLANG_WARN_EMPTY_BODY = YES;
				CLANG_WARN_ENUM_CONVERSION = YES;
				CLANG_WARN_INFINITE_RECURSION = YES;
				CLANG_WARN_INT_CONVERSION = YES;
				CLANG_WARN_NON_LITERAL_NULL_CONVERSION = YES;
				CLANG_WARN_OBJC_IMPLICIT_RETAIN_SELF = YES;
				CLANG_WARN_OBJC_LITERAL_CONVERSION = YES;
				CLANG_WARN_OBJC_ROOT_CLASS = YES_ERROR;
				CLANG_WARN_RANGE_LOOP_ANALYSIS = YES;
				CLANG_WARN_STRICT_PROTOTYPES = YES;
				CLANG_WARN_SUSPICIOUS_MOVE = YES;
				CLANG_WARN_UNGUARDED_AVAILABILITY = YES_AGGRESSIVE;
				CLANG_WARN_UNREACHABLE_CODE = YES;
				CLANG_WARN__DUPLICATE_METHOD_MATCH = YES;
				CODE_SIGN_IDENTITY = "iPhone Developer";
				COPY_PHASE_STRIP = NO;
				DEBUG_INFORMATION_FORMAT = dwarf;
				ENABLE_STRICT_OBJC_MSGSEND = YES;
				ENABLE_TESTABILITY = YES;
				GCC_C_LANGUAGE_STANDARD = gnu11;
				GCC_DYNAMIC_NO_PIC = NO;
				GCC_NO_COMMON_BLOCKS = YES;
				GCC_OPTIMIZATION_LEVEL = 0;
				GCC_PREPROCESSOR_DEFINITIONS = (
					"DEBUG=1",
					"$(inherited)",
				);
				GCC_WARN_64_TO_32_BIT_CONVERSION = YES;
				GCC_WARN_ABOUT_RETURN_TYPE = YES_ERROR;
				GCC_WARN_UNDECLARED_SELECTOR = YES;
				GCC_WARN_UNINITIALIZED_AUTOS = YES_AGGRESSIVE;
				GCC_WARN_UNUSED_FUNCTION = YES;
				GCC_WARN_UNUSED_VARIABLE = YES;
				IPHONEOS_DEPLOYMENT_TARGET = 12.4;
				MTL_ENABLE_DEBUG_INFO = INCLUDE_SOURCE;
				MTL_FAST_MATH = YES;
				ONLY_ACTIVE_ARCH = YES;
				SDKROOT = iphoneos;
				SWIFT_ACTIVE_COMPILATION_CONDITIONS = DEBUG;
				SWIFT_OPTIMIZATION_LEVEL = "-Onone";
			};
			name = Debug;
		};
		B0671ACC23264F7400C494A9 /* Release */ = {
			isa = XCBuildConfiguration;
			buildSettings = {
				ALWAYS_SEARCH_USER_PATHS = NO;
				CLANG_ANALYZER_NONNULL = YES;
				CLANG_ANALYZER_NUMBER_OBJECT_CONVERSION = YES_AGGRESSIVE;
				CLANG_CXX_LANGUAGE_STANDARD = "gnu++14";
				CLANG_CXX_LIBRARY = "libc++";
				CLANG_ENABLE_MODULES = YES;
				CLANG_ENABLE_OBJC_ARC = YES;
				CLANG_ENABLE_OBJC_WEAK = YES;
				CLANG_WARN_BLOCK_CAPTURE_AUTORELEASING = YES;
				CLANG_WARN_BOOL_CONVERSION = YES;
				CLANG_WARN_COMMA = YES;
				CLANG_WARN_CONSTANT_CONVERSION = YES;
				CLANG_WARN_DEPRECATED_OBJC_IMPLEMENTATIONS = YES;
				CLANG_WARN_DIRECT_OBJC_ISA_USAGE = YES_ERROR;
				CLANG_WARN_DOCUMENTATION_COMMENTS = YES;
				CLANG_WARN_EMPTY_BODY = YES;
				CLANG_WARN_ENUM_CONVERSION = YES;
				CLANG_WARN_INFINITE_RECURSION = YES;
				CLANG_WARN_INT_CONVERSION = YES;
				CLANG_WARN_NON_LITERAL_NULL_CONVERSION = YES;
				CLANG_WARN_OBJC_IMPLICIT_RETAIN_SELF = YES;
				CLANG_WARN_OBJC_LITERAL_CONVERSION = YES;
				CLANG_WARN_OBJC_ROOT_CLASS = YES_ERROR;
				CLANG_WARN_RANGE_LOOP_ANALYSIS = YES;
				CLANG_WARN_STRICT_PROTOTYPES = YES;
				CLANG_WARN_SUSPICIOUS_MOVE = YES;
				CLANG_WARN_UNGUARDED_AVAILABILITY = YES_AGGRESSIVE;
				CLANG_WARN_UNREACHABLE_CODE = YES;
				CLANG_WARN__DUPLICATE_METHOD_MATCH = YES;
				CODE_SIGN_IDENTITY = "iPhone Developer";
				COPY_PHASE_STRIP = NO;
				DEBUG_INFORMATION_FORMAT = "dwarf-with-dsym";
				ENABLE_NS_ASSERTIONS = NO;
				ENABLE_STRICT_OBJC_MSGSEND = YES;
				GCC_C_LANGUAGE_STANDARD = gnu11;
				GCC_NO_COMMON_BLOCKS = YES;
				GCC_WARN_64_TO_32_BIT_CONVERSION = YES;
				GCC_WARN_ABOUT_RETURN_TYPE = YES_ERROR;
				GCC_WARN_UNDECLARED_SELECTOR = YES;
				GCC_WARN_UNINITIALIZED_AUTOS = YES_AGGRESSIVE;
				GCC_WARN_UNUSED_FUNCTION = YES;
				GCC_WARN_UNUSED_VARIABLE = YES;
				IPHONEOS_DEPLOYMENT_TARGET = 12.4;
				MTL_ENABLE_DEBUG_INFO = NO;
				MTL_FAST_MATH = YES;
				SDKROOT = iphoneos;
				SWIFT_COMPILATION_MODE = wholemodule;
				SWIFT_OPTIMIZATION_LEVEL = "-O";
				VALIDATE_PRODUCT = YES;
			};
			name = Release;
		};
		B0671ACE23264F7400C494A9 /* Debug */ = {
			isa = XCBuildConfiguration;
			buildSettings = {
				ASSETCATALOG_COMPILER_APPICON_NAME = AppIcon;
				CODE_SIGN_STYLE = Automatic;
				INFOPLIST_FILE = IntermediateTraining/Info.plist;
				LD_RUNPATH_SEARCH_PATHS = (
					"$(inherited)",
					"@executable_path/Frameworks",
				);
				PRODUCT_BUNDLE_IDENTIFIER = com.ozolc.IntermediateTraining;
				PRODUCT_NAME = "$(TARGET_NAME)";
				SWIFT_VERSION = 5.0;
				TARGETED_DEVICE_FAMILY = "1,2";
			};
			name = Debug;
		};
		B0671ACF23264F7400C494A9 /* Release */ = {
			isa = XCBuildConfiguration;
			buildSettings = {
				ASSETCATALOG_COMPILER_APPICON_NAME = AppIcon;
				CODE_SIGN_STYLE = Automatic;
				INFOPLIST_FILE = IntermediateTraining/Info.plist;
				LD_RUNPATH_SEARCH_PATHS = (
					"$(inherited)",
					"@executable_path/Frameworks",
				);
				PRODUCT_BUNDLE_IDENTIFIER = com.ozolc.IntermediateTraining;
				PRODUCT_NAME = "$(TARGET_NAME)";
				SWIFT_VERSION = 5.0;
				TARGETED_DEVICE_FAMILY = "1,2";
			};
			name = Release;
		};
/* End XCBuildConfiguration section */

/* Begin XCConfigurationList section */
		B0671AB623264F7200C494A9 /* Build configuration list for PBXProject "IntermediateTraining" */ = {
			isa = XCConfigurationList;
			buildConfigurations = (
				B0671ACB23264F7400C494A9 /* Debug */,
				B0671ACC23264F7400C494A9 /* Release */,
			);
			defaultConfigurationIsVisible = 0;
			defaultConfigurationName = Release;
		};
		B0671ACD23264F7400C494A9 /* Build configuration list for PBXNativeTarget "IntermediateTraining" */ = {
			isa = XCConfigurationList;
			buildConfigurations = (
				B0671ACE23264F7400C494A9 /* Debug */,
				B0671ACF23264F7400C494A9 /* Release */,
			);
			defaultConfigurationIsVisible = 0;
			defaultConfigurationName = Release;
		};
/* End XCConfigurationList section */
	};
	rootObject = B0671AB323264F7200C494A9 /* Project object */;
}
