// !$*UTF8*$!
{
	archiveVersion = 1;
	classes = {
	};
	objectVersion = 51;
	objects = {

/* Begin PBXBuildFile section */
		26CDDE3595D7882BAB0DB47A /* Pods_PodcastsCourseLBTA.framework in Frameworks */ = {isa = PBXBuildFile; fileRef = E43DA2685CFCCE901C965674 /* Pods_PodcastsCourseLBTA.framework */; };
		B02682A222F88FF8001843D6 /* APIService.swift in Sources */ = {isa = PBXBuildFile; fileRef = B02682A122F88FF8001843D6 /* APIService.swift */; };
		B02682A522F8954C001843D6 /* PodcastCell.xib in Resources */ = {isa = PBXBuildFile; fileRef = B02682A422F8954C001843D6 /* PodcastCell.xib */; };
		B02682A722F896F8001843D6 /* PodcastCell.swift in Sources */ = {isa = PBXBuildFile; fileRef = B02682A622F896F8001843D6 /* PodcastCell.swift */; };
		B028A50322F7FDD3008B0878 /* AppDelegate.swift in Sources */ = {isa = PBXBuildFile; fileRef = B028A50222F7FDD3008B0878 /* AppDelegate.swift */; };
		B028A50522F7FDD3008B0878 /* ViewController.swift in Sources */ = {isa = PBXBuildFile; fileRef = B028A50422F7FDD3008B0878 /* ViewController.swift */; };
		B028A50822F7FDD3008B0878 /* Main.storyboard in Resources */ = {isa = PBXBuildFile; fileRef = B028A50622F7FDD3008B0878 /* Main.storyboard */; };
		B028A50A22F7FDD6008B0878 /* Assets.xcassets in Resources */ = {isa = PBXBuildFile; fileRef = B028A50922F7FDD6008B0878 /* Assets.xcassets */; };
		B028A50D22F7FDD6008B0878 /* LaunchScreen.storyboard in Resources */ = {isa = PBXBuildFile; fileRef = B028A50B22F7FDD6008B0878 /* LaunchScreen.storyboard */; };
		B028A51522F7FE5D008B0878 /* MainTabBarController.swift in Sources */ = {isa = PBXBuildFile; fileRef = B028A51422F7FE5D008B0878 /* MainTabBarController.swift */; };
		B028A51822F80DBF008B0878 /* PodcastsSearchController.swift in Sources */ = {isa = PBXBuildFile; fileRef = B028A51722F80DBF008B0878 /* PodcastsSearchController.swift */; };
		B028A51B22F80E5A008B0878 /* Podcast.swift in Sources */ = {isa = PBXBuildFile; fileRef = B028A51A22F80E5A008B0878 /* Podcast.swift */; };
		B0DF80D722F94E2B00304929 /* EpisodesController.swift in Sources */ = {isa = PBXBuildFile; fileRef = B0DF80D622F94E2B00304929 /* EpisodesController.swift */; };
		B0DF80D922F960CF00304929 /* Episode.swift in Sources */ = {isa = PBXBuildFile; fileRef = B0DF80D822F960CF00304929 /* Episode.swift */; };
		B0DF80DC22F9617B00304929 /* EpisodeCell.swift in Sources */ = {isa = PBXBuildFile; fileRef = B0DF80DA22F9617B00304929 /* EpisodeCell.swift */; };
		B0DF80DD22F9617B00304929 /* EpisodeCell.xib in Resources */ = {isa = PBXBuildFile; fileRef = B0DF80DB22F9617B00304929 /* EpisodeCell.xib */; };
		B0DF80E022F97C9E00304929 /* String.swift in Sources */ = {isa = PBXBuildFile; fileRef = B0DF80DF22F97C9E00304929 /* String.swift */; };
		B0DF80E222F97DA200304929 /* RSSFeed.swift in Sources */ = {isa = PBXBuildFile; fileRef = B0DF80E122F97DA200304929 /* RSSFeed.swift */; };
/* End PBXBuildFile section */

/* Begin PBXFileReference section */
		076E1A165F76BCAF15801464 /* Pods-PodcastsCourseLBTA.debug.xcconfig */ = {isa = PBXFileReference; includeInIndex = 1; lastKnownFileType = text.xcconfig; name = "Pods-PodcastsCourseLBTA.debug.xcconfig"; path = "Target Support Files/Pods-PodcastsCourseLBTA/Pods-PodcastsCourseLBTA.debug.xcconfig"; sourceTree = "<group>"; };
		10F5C9215DC78B932E5C9783 /* Pods-PodcastsCourseLBTA.release.xcconfig */ = {isa = PBXFileReference; includeInIndex = 1; lastKnownFileType = text.xcconfig; name = "Pods-PodcastsCourseLBTA.release.xcconfig"; path = "Target Support Files/Pods-PodcastsCourseLBTA/Pods-PodcastsCourseLBTA.release.xcconfig"; sourceTree = "<group>"; };
		B02682A122F88FF8001843D6 /* APIService.swift */ = {isa = PBXFileReference; lastKnownFileType = sourcecode.swift; path = APIService.swift; sourceTree = "<group>"; };
		B02682A422F8954C001843D6 /* PodcastCell.xib */ = {isa = PBXFileReference; lastKnownFileType = file.xib; path = PodcastCell.xib; sourceTree = "<group>"; };
		B02682A622F896F8001843D6 /* PodcastCell.swift */ = {isa = PBXFileReference; lastKnownFileType = sourcecode.swift; path = PodcastCell.swift; sourceTree = "<group>"; };
		B028A4FF22F7FDD3008B0878 /* PodcastsCourseLBTA.app */ = {isa = PBXFileReference; explicitFileType = wrapper.application; includeInIndex = 0; path = PodcastsCourseLBTA.app; sourceTree = BUILT_PRODUCTS_DIR; };
		B028A50222F7FDD3008B0878 /* AppDelegate.swift */ = {isa = PBXFileReference; lastKnownFileType = sourcecode.swift; path = AppDelegate.swift; sourceTree = "<group>"; };
		B028A50422F7FDD3008B0878 /* ViewController.swift */ = {isa = PBXFileReference; lastKnownFileType = sourcecode.swift; path = ViewController.swift; sourceTree = "<group>"; };
		B028A50722F7FDD3008B0878 /* Base */ = {isa = PBXFileReference; lastKnownFileType = file.storyboard; name = Base; path = Base.lproj/Main.storyboard; sourceTree = "<group>"; };
		B028A50922F7FDD6008B0878 /* Assets.xcassets */ = {isa = PBXFileReference; lastKnownFileType = folder.assetcatalog; path = Assets.xcassets; sourceTree = "<group>"; };
		B028A50C22F7FDD6008B0878 /* Base */ = {isa = PBXFileReference; lastKnownFileType = file.storyboard; name = Base; path = Base.lproj/LaunchScreen.storyboard; sourceTree = "<group>"; };
		B028A50E22F7FDD6008B0878 /* Info.plist */ = {isa = PBXFileReference; lastKnownFileType = text.plist.xml; path = Info.plist; sourceTree = "<group>"; };
		B028A51422F7FE5D008B0878 /* MainTabBarController.swift */ = {isa = PBXFileReference; lastKnownFileType = sourcecode.swift; path = MainTabBarController.swift; sourceTree = "<group>"; };
		B028A51722F80DBF008B0878 /* PodcastsSearchController.swift */ = {isa = PBXFileReference; lastKnownFileType = sourcecode.swift; path = PodcastsSearchController.swift; sourceTree = "<group>"; };
		B028A51A22F80E5A008B0878 /* Podcast.swift */ = {isa = PBXFileReference; lastKnownFileType = sourcecode.swift; path = Podcast.swift; sourceTree = "<group>"; };
		B0DF80D622F94E2B00304929 /* EpisodesController.swift */ = {isa = PBXFileReference; lastKnownFileType = sourcecode.swift; path = EpisodesController.swift; sourceTree = "<group>"; };
		B0DF80D822F960CF00304929 /* Episode.swift */ = {isa = PBXFileReference; lastKnownFileType = sourcecode.swift; path = Episode.swift; sourceTree = "<group>"; };
		B0DF80DA22F9617B00304929 /* EpisodeCell.swift */ = {isa = PBXFileReference; lastKnownFileType = sourcecode.swift; path = EpisodeCell.swift; sourceTree = "<group>"; };
		B0DF80DB22F9617B00304929 /* EpisodeCell.xib */ = {isa = PBXFileReference; lastKnownFileType = file.xib; path = EpisodeCell.xib; sourceTree = "<group>"; };
		B0DF80DF22F97C9E00304929 /* String.swift */ = {isa = PBXFileReference; lastKnownFileType = sourcecode.swift; path = String.swift; sourceTree = "<group>"; };
		B0DF80E122F97DA200304929 /* RSSFeed.swift */ = {isa = PBXFileReference; lastKnownFileType = sourcecode.swift; path = RSSFeed.swift; sourceTree = "<group>"; };
		E43DA2685CFCCE901C965674 /* Pods_PodcastsCourseLBTA.framework */ = {isa = PBXFileReference; explicitFileType = wrapper.framework; includeInIndex = 0; path = Pods_PodcastsCourseLBTA.framework; sourceTree = BUILT_PRODUCTS_DIR; };
/* End PBXFileReference section */

/* Begin PBXFrameworksBuildPhase section */
		B028A4FC22F7FDD3008B0878 /* Frameworks */ = {
			isa = PBXFrameworksBuildPhase;
			buildActionMask = 2147483647;
			files = (
				26CDDE3595D7882BAB0DB47A /* Pods_PodcastsCourseLBTA.framework in Frameworks */,
			);
			runOnlyForDeploymentPostprocessing = 0;
		};
/* End PBXFrameworksBuildPhase section */

/* Begin PBXGroup section */
		B02682A022F88FE4001843D6 /* API */ = {
			isa = PBXGroup;
			children = (
				B02682A122F88FF8001843D6 /* APIService.swift */,
			);
			path = API;
			sourceTree = "<group>";
		};
		B02682A322F89526001843D6 /* Views */ = {
			isa = PBXGroup;
			children = (
				B02682A422F8954C001843D6 /* PodcastCell.xib */,
				B02682A622F896F8001843D6 /* PodcastCell.swift */,
				B0DF80DA22F9617B00304929 /* EpisodeCell.swift */,
				B0DF80DB22F9617B00304929 /* EpisodeCell.xib */,
			);
			path = Views;
			sourceTree = "<group>";
		};
		B028A4F622F7FDD3008B0878 = {
			isa = PBXGroup;
			children = (
				B028A50122F7FDD3008B0878 /* PodcastsCourseLBTA */,
				B028A50022F7FDD3008B0878 /* Products */,
				D60AF5B309F9589E7209ACC4 /* Pods */,
				E2DC840B2514C660FFDE893B /* Frameworks */,
			);
			sourceTree = "<group>";
		};
		B028A50022F7FDD3008B0878 /* Products */ = {
			isa = PBXGroup;
			children = (
				B028A4FF22F7FDD3008B0878 /* PodcastsCourseLBTA.app */,
			);
			name = Products;
			sourceTree = "<group>";
		};
		B028A50122F7FDD3008B0878 /* PodcastsCourseLBTA */ = {
			isa = PBXGroup;
			children = (
				B0DF80DE22F97C8800304929 /* Extensions */,
				B02682A022F88FE4001843D6 /* API */,
				B028A51922F80E41008B0878 /* Model */,
				B02682A322F89526001843D6 /* Views */,
				B028A51622F80D97008B0878 /* Controllers */,
				B028A50222F7FDD3008B0878 /* AppDelegate.swift */,
				B028A50422F7FDD3008B0878 /* ViewController.swift */,
				B028A50622F7FDD3008B0878 /* Main.storyboard */,
				B028A50922F7FDD6008B0878 /* Assets.xcassets */,
				B028A50B22F7FDD6008B0878 /* LaunchScreen.storyboard */,
				B028A50E22F7FDD6008B0878 /* Info.plist */,
				B028A51422F7FE5D008B0878 /* MainTabBarController.swift */,
			);
			path = PodcastsCourseLBTA;
			sourceTree = "<group>";
		};
		B028A51622F80D97008B0878 /* Controllers */ = {
			isa = PBXGroup;
			children = (
				B028A51722F80DBF008B0878 /* PodcastsSearchController.swift */,
				B0DF80D622F94E2B00304929 /* EpisodesController.swift */,
			);
			path = Controllers;
			sourceTree = "<group>";
		};
		B028A51922F80E41008B0878 /* Model */ = {
			isa = PBXGroup;
			children = (
				B028A51A22F80E5A008B0878 /* Podcast.swift */,
				B0DF80D822F960CF00304929 /* Episode.swift */,
			);
			path = Model;
			sourceTree = "<group>";
		};
		B0DF80DE22F97C8800304929 /* Extensions */ = {
			isa = PBXGroup;
			children = (
				B0DF80DF22F97C9E00304929 /* String.swift */,
				B0DF80E122F97DA200304929 /* RSSFeed.swift */,
			);
			path = Extensions;
			sourceTree = "<group>";
		};
		D60AF5B309F9589E7209ACC4 /* Pods */ = {
			isa = PBXGroup;
			children = (
				076E1A165F76BCAF15801464 /* Pods-PodcastsCourseLBTA.debug.xcconfig */,
				10F5C9215DC78B932E5C9783 /* Pods-PodcastsCourseLBTA.release.xcconfig */,
			);
			path = Pods;
			sourceTree = "<group>";
		};
		E2DC840B2514C660FFDE893B /* Frameworks */ = {
			isa = PBXGroup;
			children = (
				E43DA2685CFCCE901C965674 /* Pods_PodcastsCourseLBTA.framework */,
			);
			name = Frameworks;
			sourceTree = "<group>";
		};
/* End PBXGroup section */

/* Begin PBXNativeTarget section */
		B028A4FE22F7FDD3008B0878 /* PodcastsCourseLBTA */ = {
			isa = PBXNativeTarget;
			buildConfigurationList = B028A51122F7FDD6008B0878 /* Build configuration list for PBXNativeTarget "PodcastsCourseLBTA" */;
			buildPhases = (
				998D7D817B99C9C9CC5D472B /* [CP] Check Pods Manifest.lock */,
				B028A4FB22F7FDD3008B0878 /* Sources */,
				B028A4FC22F7FDD3008B0878 /* Frameworks */,
				B028A4FD22F7FDD3008B0878 /* Resources */,
				A693715EFA39A1ADBC7F110A /* [CP] Embed Pods Frameworks */,
			);
			buildRules = (
			);
			dependencies = (
			);
			name = PodcastsCourseLBTA;
			productName = PodcastsCourseLBTA;
			productReference = B028A4FF22F7FDD3008B0878 /* PodcastsCourseLBTA.app */;
			productType = "com.apple.product-type.application";
		};
/* End PBXNativeTarget section */

/* Begin PBXProject section */
		B028A4F722F7FDD3008B0878 /* Project object */ = {
			isa = PBXProject;
			attributes = {
				LastSwiftUpdateCheck = 1030;
				LastUpgradeCheck = 1030;
				ORGANIZATIONNAME = "Maksim Nosov";
				TargetAttributes = {
					B028A4FE22F7FDD3008B0878 = {
						CreatedOnToolsVersion = 10.3;
					};
				};
			};
			buildConfigurationList = B028A4FA22F7FDD3008B0878 /* Build configuration list for PBXProject "PodcastsCourseLBTA" */;
			compatibilityVersion = "Xcode 9.3";
			developmentRegion = en;
			hasScannedForEncodings = 0;
			knownRegions = (
				en,
				Base,
			);
			mainGroup = B028A4F622F7FDD3008B0878;
			productRefGroup = B028A50022F7FDD3008B0878 /* Products */;
			projectDirPath = "";
			projectRoot = "";
			targets = (
				B028A4FE22F7FDD3008B0878 /* PodcastsCourseLBTA */,
			);
		};
/* End PBXProject section */

/* Begin PBXResourcesBuildPhase section */
		B028A4FD22F7FDD3008B0878 /* Resources */ = {
			isa = PBXResourcesBuildPhase;
			buildActionMask = 2147483647;
			files = (
				B028A50D22F7FDD6008B0878 /* LaunchScreen.storyboard in Resources */,
				B028A50A22F7FDD6008B0878 /* Assets.xcassets in Resources */,
				B0DF80DD22F9617B00304929 /* EpisodeCell.xib in Resources */,
				B02682A522F8954C001843D6 /* PodcastCell.xib in Resources */,
				B028A50822F7FDD3008B0878 /* Main.storyboard in Resources */,
			);
			runOnlyForDeploymentPostprocessing = 0;
		};
/* End PBXResourcesBuildPhase section */

/* Begin PBXShellScriptBuildPhase section */
		998D7D817B99C9C9CC5D472B /* [CP] Check Pods Manifest.lock */ = {
			isa = PBXShellScriptBuildPhase;
			buildActionMask = 2147483647;
			files = (
			);
			inputFileListPaths = (
			);
			inputPaths = (
				"${PODS_PODFILE_DIR_PATH}/Podfile.lock",
				"${PODS_ROOT}/Manifest.lock",
			);
			name = "[CP] Check Pods Manifest.lock";
			outputFileListPaths = (
			);
			outputPaths = (
				"$(DERIVED_FILE_DIR)/Pods-PodcastsCourseLBTA-checkManifestLockResult.txt",
			);
			runOnlyForDeploymentPostprocessing = 0;
			shellPath = /bin/sh;
			shellScript = "diff \"${PODS_PODFILE_DIR_PATH}/Podfile.lock\" \"${PODS_ROOT}/Manifest.lock\" > /dev/null\nif [ $? != 0 ] ; then\n    # print error to STDERR\n    echo \"error: The sandbox is not in sync with the Podfile.lock. Run 'pod install' or update your CocoaPods installation.\" >&2\n    exit 1\nfi\n# This output is used by Xcode 'outputs' to avoid re-running this script phase.\necho \"SUCCESS\" > \"${SCRIPT_OUTPUT_FILE_0}\"\n";
			showEnvVarsInLog = 0;
		};
		A693715EFA39A1ADBC7F110A /* [CP] Embed Pods Frameworks */ = {
			isa = PBXShellScriptBuildPhase;
			buildActionMask = 2147483647;
			files = (
			);
			inputFileListPaths = (
				"${PODS_ROOT}/Target Support Files/Pods-PodcastsCourseLBTA/Pods-PodcastsCourseLBTA-frameworks-${CONFIGURATION}-input-files.xcfilelist",
			);
			name = "[CP] Embed Pods Frameworks";
			outputFileListPaths = (
				"${PODS_ROOT}/Target Support Files/Pods-PodcastsCourseLBTA/Pods-PodcastsCourseLBTA-frameworks-${CONFIGURATION}-output-files.xcfilelist",
			);
			runOnlyForDeploymentPostprocessing = 0;
			shellPath = /bin/sh;
			shellScript = "\"${PODS_ROOT}/Target Support Files/Pods-PodcastsCourseLBTA/Pods-PodcastsCourseLBTA-frameworks.sh\"\n";
			showEnvVarsInLog = 0;
		};
/* End PBXShellScriptBuildPhase section */

/* Begin PBXSourcesBuildPhase section */
		B028A4FB22F7FDD3008B0878 /* Sources */ = {
			isa = PBXSourcesBuildPhase;
			buildActionMask = 2147483647;
			files = (
				B0DF80E222F97DA200304929 /* RSSFeed.swift in Sources */,
				B028A51822F80DBF008B0878 /* PodcastsSearchController.swift in Sources */,
				B0DF80E022F97C9E00304929 /* String.swift in Sources */,
				B028A50522F7FDD3008B0878 /* ViewController.swift in Sources */,
				B028A50322F7FDD3008B0878 /* AppDelegate.swift in Sources */,
				B0DF80D722F94E2B00304929 /* EpisodesController.swift in Sources */,
				B028A51522F7FE5D008B0878 /* MainTabBarController.swift in Sources */,
				B0DF80DC22F9617B00304929 /* EpisodeCell.swift in Sources */,
				B02682A222F88FF8001843D6 /* APIService.swift in Sources */,
				B028A51B22F80E5A008B0878 /* Podcast.swift in Sources */,
				B0DF80D922F960CF00304929 /* Episode.swift in Sources */,
				B02682A722F896F8001843D6 /* PodcastCell.swift in Sources */,
			);
			runOnlyForDeploymentPostprocessing = 0;
		};
/* End PBXSourcesBuildPhase section */

/* Begin PBXVariantGroup section */
		B028A50622F7FDD3008B0878 /* Main.storyboard */ = {
			isa = PBXVariantGroup;
			children = (
				B028A50722F7FDD3008B0878 /* Base */,
			);
			name = Main.storyboard;
			sourceTree = "<group>";
		};
		B028A50B22F7FDD6008B0878 /* LaunchScreen.storyboard */ = {
			isa = PBXVariantGroup;
			children = (
				B028A50C22F7FDD6008B0878 /* Base */,
			);
			name = LaunchScreen.storyboard;
			sourceTree = "<group>";
		};
/* End PBXVariantGroup section */

/* Begin XCBuildConfiguration section */
		B028A50F22F7FDD6008B0878 /* Debug */ = {
			isa = XCBuildConfiguration;
			buildSettings = {
				ALWAYS_SEARCH_USER_PATHS = NO;
				CLANG_ANALYZER_NONNULL = YES;
				CLANG_ANALYZER_NUMBER_OBJECT_CONVERSION = YES_AGGRESSIVE;
				CLANG_CXX_LANGUAGE_STANDARD = "gnu++14";
				CLANG_CXX_LIBRARY = "libc++";
				CLANG_ENABLE_MODULES = YES;
				CLANG_ENABLE_OBJC_ARC = YES;
				CLANG_ENABLE_OBJC_WEAK = YES;
				CLANG_WARN_BLOCK_CAPTURE_AUTORELEASING = YES;
				CLANG_WARN_BOOL_CONVERSION = YES;
				CLANG_WARN_COMMA = YES;
				CLANG_WARN_CONSTANT_CONVERSION = YES;
				CLANG_WARN_DEPRECATED_OBJC_IMPLEMENTATIONS = YES;
				CLANG_WARN_DIRECT_OBJC_ISA_USAGE = YES_ERROR;
				CLANG_WARN_DOCUMENTATION_COMMENTS = YES;
				CLANG_WARN_EMPTY_BODY = YES;
				CLANG_WARN_ENUM_CONVERSION = YES;
				CLANG_WARN_INFINITE_RECURSION = YES;
				CLANG_WARN_INT_CONVERSION = YES;
				CLANG_WARN_NON_LITERAL_NULL_CONVERSION = YES;
				CLANG_WARN_OBJC_IMPLICIT_RETAIN_SELF = YES;
				CLANG_WARN_OBJC_LITERAL_CONVERSION = YES;
				CLANG_WARN_OBJC_ROOT_CLASS = YES_ERROR;
				CLANG_WARN_RANGE_LOOP_ANALYSIS = YES;
				CLANG_WARN_STRICT_PROTOTYPES = YES;
				CLANG_WARN_SUSPICIOUS_MOVE = YES;
				CLANG_WARN_UNGUARDED_AVAILABILITY = YES_AGGRESSIVE;
				CLANG_WARN_UNREACHABLE_CODE = YES;
				CLANG_WARN__DUPLICATE_METHOD_MATCH = YES;
				CODE_SIGN_IDENTITY = "iPhone Developer";
				COPY_PHASE_STRIP = NO;
				DEBUG_INFORMATION_FORMAT = dwarf;
				ENABLE_STRICT_OBJC_MSGSEND = YES;
				ENABLE_TESTABILITY = YES;
				GCC_C_LANGUAGE_STANDARD = gnu11;
				GCC_DYNAMIC_NO_PIC = NO;
				GCC_NO_COMMON_BLOCKS = YES;
				GCC_OPTIMIZATION_LEVEL = 0;
				GCC_PREPROCESSOR_DEFINITIONS = (
					"DEBUG=1",
					"$(inherited)",
				);
				GCC_WARN_64_TO_32_BIT_CONVERSION = YES;
				GCC_WARN_ABOUT_RETURN_TYPE = YES_ERROR;
				GCC_WARN_UNDECLARED_SELECTOR = YES;
				GCC_WARN_UNINITIALIZED_AUTOS = YES_AGGRESSIVE;
				GCC_WARN_UNUSED_FUNCTION = YES;
				GCC_WARN_UNUSED_VARIABLE = YES;
				IPHONEOS_DEPLOYMENT_TARGET = 12.4;
				MTL_ENABLE_DEBUG_INFO = INCLUDE_SOURCE;
				MTL_FAST_MATH = YES;
				ONLY_ACTIVE_ARCH = YES;
				SDKROOT = iphoneos;
				SWIFT_ACTIVE_COMPILATION_CONDITIONS = DEBUG;
				SWIFT_OPTIMIZATION_LEVEL = "-Onone";
			};
			name = Debug;
		};
		B028A51022F7FDD6008B0878 /* Release */ = {
			isa = XCBuildConfiguration;
			buildSettings = {
				ALWAYS_SEARCH_USER_PATHS = NO;
				CLANG_ANALYZER_NONNULL = YES;
				CLANG_ANALYZER_NUMBER_OBJECT_CONVERSION = YES_AGGRESSIVE;
				CLANG_CXX_LANGUAGE_STANDARD = "gnu++14";
				CLANG_CXX_LIBRARY = "libc++";
				CLANG_ENABLE_MODULES = YES;
				CLANG_ENABLE_OBJC_ARC = YES;
				CLANG_ENABLE_OBJC_WEAK = YES;
				CLANG_WARN_BLOCK_CAPTURE_AUTORELEASING = YES;
				CLANG_WARN_BOOL_CONVERSION = YES;
				CLANG_WARN_COMMA = YES;
				CLANG_WARN_CONSTANT_CONVERSION = YES;
				CLANG_WARN_DEPRECATED_OBJC_IMPLEMENTATIONS = YES;
				CLANG_WARN_DIRECT_OBJC_ISA_USAGE = YES_ERROR;
				CLANG_WARN_DOCUMENTATION_COMMENTS = YES;
				CLANG_WARN_EMPTY_BODY = YES;
				CLANG_WARN_ENUM_CONVERSION = YES;
				CLANG_WARN_INFINITE_RECURSION = YES;
				CLANG_WARN_INT_CONVERSION = YES;
				CLANG_WARN_NON_LITERAL_NULL_CONVERSION = YES;
				CLANG_WARN_OBJC_IMPLICIT_RETAIN_SELF = YES;
				CLANG_WARN_OBJC_LITERAL_CONVERSION = YES;
				CLANG_WARN_OBJC_ROOT_CLASS = YES_ERROR;
				CLANG_WARN_RANGE_LOOP_ANALYSIS = YES;
				CLANG_WARN_STRICT_PROTOTYPES = YES;
				CLANG_WARN_SUSPICIOUS_MOVE = YES;
				CLANG_WARN_UNGUARDED_AVAILABILITY = YES_AGGRESSIVE;
				CLANG_WARN_UNREACHABLE_CODE = YES;
				CLANG_WARN__DUPLICATE_METHOD_MATCH = YES;
				CODE_SIGN_IDENTITY = "iPhone Developer";
				COPY_PHASE_STRIP = NO;
				DEBUG_INFORMATION_FORMAT = "dwarf-with-dsym";
				ENABLE_NS_ASSERTIONS = NO;
				ENABLE_STRICT_OBJC_MSGSEND = YES;
				GCC_C_LANGUAGE_STANDARD = gnu11;
				GCC_NO_COMMON_BLOCKS = YES;
				GCC_WARN_64_TO_32_BIT_CONVERSION = YES;
				GCC_WARN_ABOUT_RETURN_TYPE = YES_ERROR;
				GCC_WARN_UNDECLARED_SELECTOR = YES;
				GCC_WARN_UNINITIALIZED_AUTOS = YES_AGGRESSIVE;
				GCC_WARN_UNUSED_FUNCTION = YES;
				GCC_WARN_UNUSED_VARIABLE = YES;
				IPHONEOS_DEPLOYMENT_TARGET = 12.4;
				MTL_ENABLE_DEBUG_INFO = NO;
				MTL_FAST_MATH = YES;
				SDKROOT = iphoneos;
				SWIFT_COMPILATION_MODE = wholemodule;
				SWIFT_OPTIMIZATION_LEVEL = "-O";
				VALIDATE_PRODUCT = YES;
			};
			name = Release;
		};
		B028A51222F7FDD6008B0878 /* Debug */ = {
			isa = XCBuildConfiguration;
			baseConfigurationReference = 076E1A165F76BCAF15801464 /* Pods-PodcastsCourseLBTA.debug.xcconfig */;
			buildSettings = {
				ASSETCATALOG_COMPILER_APPICON_NAME = AppIcon;
				CODE_SIGN_STYLE = Automatic;
				DEVELOPMENT_TEAM = "";
				INFOPLIST_FILE = PodcastsCourseLBTA/Info.plist;
				LD_RUNPATH_SEARCH_PATHS = (
					"$(inherited)",
					"@executable_path/Frameworks",
				);
				PRODUCT_BUNDLE_IDENTIFIER = com.ozolc.PodcastsCourseLBTA;
				PRODUCT_NAME = "$(TARGET_NAME)";
				SWIFT_VERSION = 5.0;
				TARGETED_DEVICE_FAMILY = "1,2";
			};
			name = Debug;
		};
		B028A51322F7FDD6008B0878 /* Release */ = {
			isa = XCBuildConfiguration;
			baseConfigurationReference = 10F5C9215DC78B932E5C9783 /* Pods-PodcastsCourseLBTA.release.xcconfig */;
			buildSettings = {
				ASSETCATALOG_COMPILER_APPICON_NAME = AppIcon;
				CODE_SIGN_STYLE = Automatic;
				DEVELOPMENT_TEAM = "";
				INFOPLIST_FILE = PodcastsCourseLBTA/Info.plist;
				LD_RUNPATH_SEARCH_PATHS = (
					"$(inherited)",
					"@executable_path/Frameworks",
				);
				PRODUCT_BUNDLE_IDENTIFIER = com.ozolc.PodcastsCourseLBTA;
				PRODUCT_NAME = "$(TARGET_NAME)";
				SWIFT_VERSION = 5.0;
				TARGETED_DEVICE_FAMILY = "1,2";
			};
			name = Release;
		};
/* End XCBuildConfiguration section */

/* Begin XCConfigurationList section */
		B028A4FA22F7FDD3008B0878 /* Build configuration list for PBXProject "PodcastsCourseLBTA" */ = {
			isa = XCConfigurationList;
			buildConfigurations = (
				B028A50F22F7FDD6008B0878 /* Debug */,
				B028A51022F7FDD6008B0878 /* Release */,
			);
			defaultConfigurationIsVisible = 0;
			defaultConfigurationName = Release;
		};
		B028A51122F7FDD6008B0878 /* Build configuration list for PBXNativeTarget "PodcastsCourseLBTA" */ = {
			isa = XCConfigurationList;
			buildConfigurations = (
				B028A51222F7FDD6008B0878 /* Debug */,
				B028A51322F7FDD6008B0878 /* Release */,
			);
			defaultConfigurationIsVisible = 0;
			defaultConfigurationName = Release;
		};
/* End XCConfigurationList section */
	};
	rootObject = B028A4F722F7FDD3008B0878 /* Project object */;
}
