// !$*UTF8*$!
{
	archiveVersion = 1;
	classes = {
	};
	objectVersion = 51;
	objects = {

/* Begin PBXBuildFile section */
		B012ECE422DF254100FAD777 /* AppDetailController.swift in Sources */ = {isa = PBXBuildFile; fileRef = B012ECE322DF254100FAD777 /* AppDetailController.swift */; };
		B012ECE722DF2D6700FAD777 /* AppDetailCell.swift in Sources */ = {isa = PBXBuildFile; fileRef = B012ECE622DF2D6700FAD777 /* AppDetailCell.swift */; };
		B01ACD4922DCCB2600B0DB34 /* AppsPageHeader.swift in Sources */ = {isa = PBXBuildFile; fileRef = B01ACD4822DCCB2600B0DB34 /* AppsPageHeader.swift */; };
		B01ACD4B22DCCE9900B0DB34 /* AppsHeaderHorizontalController.swift in Sources */ = {isa = PBXBuildFile; fileRef = B01ACD4A22DCCE9900B0DB34 /* AppsHeaderHorizontalController.swift */; };
		B01ACD4D22DCD0D700B0DB34 /* AppsHeaderCell.swift in Sources */ = {isa = PBXBuildFile; fileRef = B01ACD4C22DCD0D700B0DB34 /* AppsHeaderCell.swift */; };
		B0362C2B22D5DE11003DF40F /* AppDelegate.swift in Sources */ = {isa = PBXBuildFile; fileRef = B0362C2A22D5DE11003DF40F /* AppDelegate.swift */; };
		B0362C2D22D5DE11003DF40F /* ViewController.swift in Sources */ = {isa = PBXBuildFile; fileRef = B0362C2C22D5DE11003DF40F /* ViewController.swift */; };
		B0362C3022D5DE11003DF40F /* Main.storyboard in Resources */ = {isa = PBXBuildFile; fileRef = B0362C2E22D5DE11003DF40F /* Main.storyboard */; };
		B0362C3222D5DE12003DF40F /* Assets.xcassets in Resources */ = {isa = PBXBuildFile; fileRef = B0362C3122D5DE12003DF40F /* Assets.xcassets */; };
		B0362C3522D5DE12003DF40F /* LaunchScreen.storyboard in Resources */ = {isa = PBXBuildFile; fileRef = B0362C3322D5DE12003DF40F /* LaunchScreen.storyboard */; };
		B0362C3D22D5DF30003DF40F /* BaseTabBarController.swift in Sources */ = {isa = PBXBuildFile; fileRef = B0362C3C22D5DF30003DF40F /* BaseTabBarController.swift */; };
		B040F68B22DB152D000F46EC /* SearchResult.swift in Sources */ = {isa = PBXBuildFile; fileRef = B040F68A22DB152D000F46EC /* SearchResult.swift */; };
		B040F68E22DB1BF8000F46EC /* Service.swift in Sources */ = {isa = PBXBuildFile; fileRef = B040F68D22DB1BF8000F46EC /* Service.swift */; };
		B04435B122E31B96002DFD77 /* AppFullscreenDescriptionCell.swift in Sources */ = {isa = PBXBuildFile; fileRef = B04435B022E31B96002DFD77 /* AppFullscreenDescriptionCell.swift */; };
		B04435B322E32625002DFD77 /* AppFullscreenHeaderCell.swift in Sources */ = {isa = PBXBuildFile; fileRef = B04435B222E32625002DFD77 /* AppFullscreenHeaderCell.swift */; };
		B083F3B822E0726800764072 /* ReviewRowCell.swift in Sources */ = {isa = PBXBuildFile; fileRef = B083F3B722E0726800764072 /* ReviewRowCell.swift */; };
		B083F3BA22E0743B00764072 /* ReviewsController.swift in Sources */ = {isa = PBXBuildFile; fileRef = B083F3B922E0743B00764072 /* ReviewsController.swift */; };
		B083F3BC22E0764800764072 /* ReviewCell.swift in Sources */ = {isa = PBXBuildFile; fileRef = B083F3BB22E0764800764072 /* ReviewCell.swift */; };
		B083F3BE22E07E9900764072 /* Reviews.swift in Sources */ = {isa = PBXBuildFile; fileRef = B083F3BD22E07E9900764072 /* Reviews.swift */; };
		B0A051D722DB68A800B24FAA /* AppsPageController.swift in Sources */ = {isa = PBXBuildFile; fileRef = B0A051D622DB68A800B24FAA /* AppsPageController.swift */; };
		B0A051D922DB696700B24FAA /* BaseListController.swift in Sources */ = {isa = PBXBuildFile; fileRef = B0A051D822DB696700B24FAA /* BaseListController.swift */; };
		B0A051DD22DB6B4E00B24FAA /* AppsGroupCell.swift in Sources */ = {isa = PBXBuildFile; fileRef = B0A051DC22DB6B4E00B24FAA /* AppsGroupCell.swift */; };
		B0A051DF22DB6E4F00B24FAA /* AppsHorizontalController.swift in Sources */ = {isa = PBXBuildFile; fileRef = B0A051DE22DB6E4F00B24FAA /* AppsHorizontalController.swift */; };
		B0A8ED3722E31956005FFEF3 /* AppFullscreenController.swift in Sources */ = {isa = PBXBuildFile; fileRef = B0A8ED3622E31956005FFEF3 /* AppFullscreenController.swift */; };
		B0B4895722D87B480037DD67 /* SearchResultCell.swift in Sources */ = {isa = PBXBuildFile; fileRef = B0B4895622D87B480037DD67 /* SearchResultCell.swift */; };
		B0B601BF22DF8D1F00F35D8E /* PreviewCell.swift in Sources */ = {isa = PBXBuildFile; fileRef = B0B601BE22DF8D1F00F35D8E /* PreviewCell.swift */; };
		B0B601C122DF8E9000F35D8E /* PreviewScreenshotController.swift in Sources */ = {isa = PBXBuildFile; fileRef = B0B601C022DF8E9000F35D8E /* PreviewScreenshotController.swift */; };
		B0C5B7F022D88F50008F847F /* UIView+Layout.swift in Sources */ = {isa = PBXBuildFile; fileRef = B0C5B7EF22D88F50008F847F /* UIView+Layout.swift */; };
		B0C5B7F222D89544008F847F /* VerticalStackView.swift in Sources */ = {isa = PBXBuildFile; fileRef = B0C5B7F122D89544008F847F /* VerticalStackView.swift */; };
		B0D9EB0422E22F5400B345BE /* TodayController.swift in Sources */ = {isa = PBXBuildFile; fileRef = B0D9EB0322E22F5400B345BE /* TodayController.swift */; };
		B0D9EB0722E2305E00B345BE /* TodayCell.swift in Sources */ = {isa = PBXBuildFile; fileRef = B0D9EB0622E2305E00B345BE /* TodayCell.swift */; };
		B0DD98F422DE241100F9A0A3 /* SocialApp.swift in Sources */ = {isa = PBXBuildFile; fileRef = B0DD98F322DE241100F9A0A3 /* SocialApp.swift */; };
		B0E609E622DE3DB000B9B15A /* HorizontalSnappingController.swift in Sources */ = {isa = PBXBuildFile; fileRef = B0E609E522DE3DB000B9B15A /* HorizontalSnappingController.swift */; };
		B0E609E822DE430B00B9B15A /* BetterSnappingLayout.swift in Sources */ = {isa = PBXBuildFile; fileRef = B0E609E722DE430B00B9B15A /* BetterSnappingLayout.swift */; };
		B0E8EA0122DCEB1B00C031F5 /* AppGroup.swift in Sources */ = {isa = PBXBuildFile; fileRef = B0E8EA0022DCEB1B00C031F5 /* AppGroup.swift */; };
		B0E9A65B22D5F0B100A8C56C /* AppsSearchController.swift in Sources */ = {isa = PBXBuildFile; fileRef = B0E9A65A22D5F0B100A8C56C /* AppsSearchController.swift */; };
		B0F7F0BD22DB767C00B77254 /* AppRowCell.swift in Sources */ = {isa = PBXBuildFile; fileRef = B0F7F0BC22DB767C00B77254 /* AppRowCell.swift */; };
		B0F7F0BF22DB77D900B77254 /* Extensions.swift in Sources */ = {isa = PBXBuildFile; fileRef = B0F7F0BE22DB77D900B77254 /* Extensions.swift */; };
		FAC7B3EBC44F3911FD7E437D /* Pods_AppStoreJSONApis.framework in Frameworks */ = {isa = PBXBuildFile; fileRef = CFA5DC75DBAE4550F6ED21F5 /* Pods_AppStoreJSONApis.framework */; };
/* End PBXBuildFile section */

/* Begin PBXFileReference section */
		8516E42870708B9D0EA01CDB /* Pods-AppStoreJSONApis.release.xcconfig */ = {isa = PBXFileReference; includeInIndex = 1; lastKnownFileType = text.xcconfig; name = "Pods-AppStoreJSONApis.release.xcconfig"; path = "Target Support Files/Pods-AppStoreJSONApis/Pods-AppStoreJSONApis.release.xcconfig"; sourceTree = "<group>"; };
		B012ECE322DF254100FAD777 /* AppDetailController.swift */ = {isa = PBXFileReference; lastKnownFileType = sourcecode.swift; path = AppDetailController.swift; sourceTree = "<group>"; };
		B012ECE622DF2D6700FAD777 /* AppDetailCell.swift */ = {isa = PBXFileReference; lastKnownFileType = sourcecode.swift; path = AppDetailCell.swift; sourceTree = "<group>"; };
		B01ACD4822DCCB2600B0DB34 /* AppsPageHeader.swift */ = {isa = PBXFileReference; lastKnownFileType = sourcecode.swift; path = AppsPageHeader.swift; sourceTree = "<group>"; };
		B01ACD4A22DCCE9900B0DB34 /* AppsHeaderHorizontalController.swift */ = {isa = PBXFileReference; lastKnownFileType = sourcecode.swift; path = AppsHeaderHorizontalController.swift; sourceTree = "<group>"; };
		B01ACD4C22DCD0D700B0DB34 /* AppsHeaderCell.swift */ = {isa = PBXFileReference; lastKnownFileType = sourcecode.swift; path = AppsHeaderCell.swift; sourceTree = "<group>"; };
		B0362C2722D5DE11003DF40F /* AppStoreJSONApis.app */ = {isa = PBXFileReference; explicitFileType = wrapper.application; includeInIndex = 0; path = AppStoreJSONApis.app; sourceTree = BUILT_PRODUCTS_DIR; };
		B0362C2A22D5DE11003DF40F /* AppDelegate.swift */ = {isa = PBXFileReference; lastKnownFileType = sourcecode.swift; path = AppDelegate.swift; sourceTree = "<group>"; };
		B0362C2C22D5DE11003DF40F /* ViewController.swift */ = {isa = PBXFileReference; lastKnownFileType = sourcecode.swift; path = ViewController.swift; sourceTree = "<group>"; };
		B0362C2F22D5DE11003DF40F /* Base */ = {isa = PBXFileReference; lastKnownFileType = file.storyboard; name = Base; path = Base.lproj/Main.storyboard; sourceTree = "<group>"; };
		B0362C3122D5DE12003DF40F /* Assets.xcassets */ = {isa = PBXFileReference; lastKnownFileType = folder.assetcatalog; path = Assets.xcassets; sourceTree = "<group>"; };
		B0362C3422D5DE12003DF40F /* Base */ = {isa = PBXFileReference; lastKnownFileType = file.storyboard; name = Base; path = Base.lproj/LaunchScreen.storyboard; sourceTree = "<group>"; };
		B0362C3622D5DE12003DF40F /* Info.plist */ = {isa = PBXFileReference; lastKnownFileType = text.plist.xml; path = Info.plist; sourceTree = "<group>"; };
		B0362C3C22D5DF30003DF40F /* BaseTabBarController.swift */ = {isa = PBXFileReference; lastKnownFileType = sourcecode.swift; path = BaseTabBarController.swift; sourceTree = "<group>"; };
		B040F68A22DB152D000F46EC /* SearchResult.swift */ = {isa = PBXFileReference; lastKnownFileType = sourcecode.swift; path = SearchResult.swift; sourceTree = "<group>"; };
		B040F68D22DB1BF8000F46EC /* Service.swift */ = {isa = PBXFileReference; lastKnownFileType = sourcecode.swift; path = Service.swift; sourceTree = "<group>"; };
		B04435B022E31B96002DFD77 /* AppFullscreenDescriptionCell.swift */ = {isa = PBXFileReference; lastKnownFileType = sourcecode.swift; path = AppFullscreenDescriptionCell.swift; sourceTree = "<group>"; };
		B04435B222E32625002DFD77 /* AppFullscreenHeaderCell.swift */ = {isa = PBXFileReference; lastKnownFileType = sourcecode.swift; path = AppFullscreenHeaderCell.swift; sourceTree = "<group>"; };
		B083F3B722E0726800764072 /* ReviewRowCell.swift */ = {isa = PBXFileReference; lastKnownFileType = sourcecode.swift; path = ReviewRowCell.swift; sourceTree = "<group>"; };
		B083F3B922E0743B00764072 /* ReviewsController.swift */ = {isa = PBXFileReference; lastKnownFileType = sourcecode.swift; path = ReviewsController.swift; sourceTree = "<group>"; };
		B083F3BB22E0764800764072 /* ReviewCell.swift */ = {isa = PBXFileReference; lastKnownFileType = sourcecode.swift; path = ReviewCell.swift; sourceTree = "<group>"; };
		B083F3BD22E07E9900764072 /* Reviews.swift */ = {isa = PBXFileReference; lastKnownFileType = sourcecode.swift; path = Reviews.swift; sourceTree = "<group>"; };
		B0A051D622DB68A800B24FAA /* AppsPageController.swift */ = {isa = PBXFileReference; lastKnownFileType = sourcecode.swift; path = AppsPageController.swift; sourceTree = "<group>"; };
		B0A051D822DB696700B24FAA /* BaseListController.swift */ = {isa = PBXFileReference; lastKnownFileType = sourcecode.swift; path = BaseListController.swift; sourceTree = "<group>"; };
		B0A051DC22DB6B4E00B24FAA /* AppsGroupCell.swift */ = {isa = PBXFileReference; lastKnownFileType = sourcecode.swift; path = AppsGroupCell.swift; sourceTree = "<group>"; };
		B0A051DE22DB6E4F00B24FAA /* AppsHorizontalController.swift */ = {isa = PBXFileReference; lastKnownFileType = sourcecode.swift; path = AppsHorizontalController.swift; sourceTree = "<group>"; };
		B0A8ED3622E31956005FFEF3 /* AppFullscreenController.swift */ = {isa = PBXFileReference; lastKnownFileType = sourcecode.swift; path = AppFullscreenController.swift; sourceTree = "<group>"; };
		B0B4895622D87B480037DD67 /* SearchResultCell.swift */ = {isa = PBXFileReference; lastKnownFileType = sourcecode.swift; path = SearchResultCell.swift; sourceTree = "<group>"; };
		B0B601BE22DF8D1F00F35D8E /* PreviewCell.swift */ = {isa = PBXFileReference; lastKnownFileType = sourcecode.swift; path = PreviewCell.swift; sourceTree = "<group>"; };
		B0B601C022DF8E9000F35D8E /* PreviewScreenshotController.swift */ = {isa = PBXFileReference; lastKnownFileType = sourcecode.swift; path = PreviewScreenshotController.swift; sourceTree = "<group>"; };
		B0C5B7EF22D88F50008F847F /* UIView+Layout.swift */ = {isa = PBXFileReference; fileEncoding = 4; lastKnownFileType = sourcecode.swift; path = "UIView+Layout.swift"; sourceTree = "<group>"; };
		B0C5B7F122D89544008F847F /* VerticalStackView.swift */ = {isa = PBXFileReference; lastKnownFileType = sourcecode.swift; path = VerticalStackView.swift; sourceTree = "<group>"; };
		B0D9EB0322E22F5400B345BE /* TodayController.swift */ = {isa = PBXFileReference; lastKnownFileType = sourcecode.swift; path = TodayController.swift; sourceTree = "<group>"; };
		B0D9EB0622E2305E00B345BE /* TodayCell.swift */ = {isa = PBXFileReference; lastKnownFileType = sourcecode.swift; path = TodayCell.swift; sourceTree = "<group>"; };
		B0DD98F322DE241100F9A0A3 /* SocialApp.swift */ = {isa = PBXFileReference; lastKnownFileType = sourcecode.swift; path = SocialApp.swift; sourceTree = "<group>"; };
		B0E609E522DE3DB000B9B15A /* HorizontalSnappingController.swift */ = {isa = PBXFileReference; lastKnownFileType = sourcecode.swift; path = HorizontalSnappingController.swift; sourceTree = "<group>"; };
		B0E609E722DE430B00B9B15A /* BetterSnappingLayout.swift */ = {isa = PBXFileReference; lastKnownFileType = sourcecode.swift; path = BetterSnappingLayout.swift; sourceTree = "<group>"; };
		B0E8EA0022DCEB1B00C031F5 /* AppGroup.swift */ = {isa = PBXFileReference; lastKnownFileType = sourcecode.swift; path = AppGroup.swift; sourceTree = "<group>"; };
		B0E9A65A22D5F0B100A8C56C /* AppsSearchController.swift */ = {isa = PBXFileReference; lastKnownFileType = sourcecode.swift; path = AppsSearchController.swift; sourceTree = "<group>"; };
		B0F7F0BC22DB767C00B77254 /* AppRowCell.swift */ = {isa = PBXFileReference; lastKnownFileType = sourcecode.swift; path = AppRowCell.swift; sourceTree = "<group>"; };
		B0F7F0BE22DB77D900B77254 /* Extensions.swift */ = {isa = PBXFileReference; lastKnownFileType = sourcecode.swift; path = Extensions.swift; sourceTree = "<group>"; };
		CF6DF849BE1CF8439B8ED31F /* Pods-AppStoreJSONApis.debug.xcconfig */ = {isa = PBXFileReference; includeInIndex = 1; lastKnownFileType = text.xcconfig; name = "Pods-AppStoreJSONApis.debug.xcconfig"; path = "Target Support Files/Pods-AppStoreJSONApis/Pods-AppStoreJSONApis.debug.xcconfig"; sourceTree = "<group>"; };
		CFA5DC75DBAE4550F6ED21F5 /* Pods_AppStoreJSONApis.framework */ = {isa = PBXFileReference; explicitFileType = wrapper.framework; includeInIndex = 0; path = Pods_AppStoreJSONApis.framework; sourceTree = BUILT_PRODUCTS_DIR; };
/* End PBXFileReference section */

/* Begin PBXFrameworksBuildPhase section */
		B0362C2422D5DE10003DF40F /* Frameworks */ = {
			isa = PBXFrameworksBuildPhase;
			buildActionMask = 2147483647;
			files = (
				FAC7B3EBC44F3911FD7E437D /* Pods_AppStoreJSONApis.framework in Frameworks */,
			);
			runOnlyForDeploymentPostprocessing = 0;
		};
/* End PBXFrameworksBuildPhase section */

/* Begin PBXGroup section */
		83F7A22780BB7F8D1389DE7D /* Frameworks */ = {
			isa = PBXGroup;
			children = (
				CFA5DC75DBAE4550F6ED21F5 /* Pods_AppStoreJSONApis.framework */,
			);
			name = Frameworks;
			sourceTree = "<group>";
		};
		B012ECE222DF252200FAD777 /* Details */ = {
			isa = PBXGroup;
			children = (
				B012ECE322DF254100FAD777 /* AppDetailController.swift */,
				B0B601C022DF8E9000F35D8E /* PreviewScreenshotController.swift */,
				B083F3B922E0743B00764072 /* ReviewsController.swift */,
			);
			path = Details;
			sourceTree = "<group>";
		};
		B012ECE522DF2D5000FAD777 /* Details */ = {
			isa = PBXGroup;
			children = (
				B012ECE622DF2D6700FAD777 /* AppDetailCell.swift */,
				B0B601BE22DF8D1F00F35D8E /* PreviewCell.swift */,
				B083F3B722E0726800764072 /* ReviewRowCell.swift */,
				B083F3BB22E0764800764072 /* ReviewCell.swift */,
			);
			path = Details;
			sourceTree = "<group>";
		};
		B0362C1E22D5DE10003DF40F = {
			isa = PBXGroup;
			children = (
				B0362C2922D5DE11003DF40F /* AppStoreJSONApis */,
				B0362C2822D5DE11003DF40F /* Products */,
				F254A9EB0458E4E21459DE9A /* Pods */,
				83F7A22780BB7F8D1389DE7D /* Frameworks */,
			);
			sourceTree = "<group>";
		};
		B0362C2822D5DE11003DF40F /* Products */ = {
			isa = PBXGroup;
			children = (
				B0362C2722D5DE11003DF40F /* AppStoreJSONApis.app */,
			);
			name = Products;
			sourceTree = "<group>";
		};
		B0362C2922D5DE11003DF40F /* AppStoreJSONApis */ = {
			isa = PBXGroup;
			children = (
				B040F68C22DB1BE7000F46EC /* Service */,
				B040F68922DB151A000F46EC /* Model */,
				B0C5B7EE22D88F2B008F847F /* Helpers */,
				B0B4895522D87B200037DD67 /* Views */,
				B0E9A65922D5F05F00A8C56C /* Controller */,
				B0362C2A22D5DE11003DF40F /* AppDelegate.swift */,
				B0362C2C22D5DE11003DF40F /* ViewController.swift */,
				B0362C2E22D5DE11003DF40F /* Main.storyboard */,
				B0362C3122D5DE12003DF40F /* Assets.xcassets */,
				B0362C3322D5DE12003DF40F /* LaunchScreen.storyboard */,
				B0362C3622D5DE12003DF40F /* Info.plist */,
			);
			path = AppStoreJSONApis;
			sourceTree = "<group>";
		};
		B040F68922DB151A000F46EC /* Model */ = {
			isa = PBXGroup;
			children = (
				B040F68A22DB152D000F46EC /* SearchResult.swift */,
				B0E8EA0022DCEB1B00C031F5 /* AppGroup.swift */,
				B0DD98F322DE241100F9A0A3 /* SocialApp.swift */,
				B083F3BD22E07E9900764072 /* Reviews.swift */,
			);
			path = Model;
			sourceTree = "<group>";
		};
		B040F68C22DB1BE7000F46EC /* Service */ = {
			isa = PBXGroup;
			children = (
				B040F68D22DB1BF8000F46EC /* Service.swift */,
			);
			path = Service;
			sourceTree = "<group>";
		};
		B0A051D522DB688200B24FAA /* Apps */ = {
			isa = PBXGroup;
			children = (
				B012ECE222DF252200FAD777 /* Details */,
				B0A051D622DB68A800B24FAA /* AppsPageController.swift */,
				B0A051DE22DB6E4F00B24FAA /* AppsHorizontalController.swift */,
				B01ACD4A22DCCE9900B0DB34 /* AppsHeaderHorizontalController.swift */,
			);
			path = Apps;
			sourceTree = "<group>";
		};
		B0A051DA22DB69D000B24FAA /* Search */ = {
			isa = PBXGroup;
			children = (
				B0E9A65A22D5F0B100A8C56C /* AppsSearchController.swift */,
			);
			path = Search;
			sourceTree = "<group>";
		};
		B0A051DB22DB6B3800B24FAA /* Apps */ = {
			isa = PBXGroup;
			children = (
				B012ECE522DF2D5000FAD777 /* Details */,
				B0A051DC22DB6B4E00B24FAA /* AppsGroupCell.swift */,
				B0F7F0BC22DB767C00B77254 /* AppRowCell.swift */,
				B01ACD4822DCCB2600B0DB34 /* AppsPageHeader.swift */,
				B01ACD4C22DCD0D700B0DB34 /* AppsHeaderCell.swift */,
			);
			path = Apps;
			sourceTree = "<group>";
		};
		B0B4895522D87B200037DD67 /* Views */ = {
			isa = PBXGroup;
			children = (
				B0D9EB0522E2304F00B345BE /* Today */,
				B0A051DB22DB6B3800B24FAA /* Apps */,
				B0B4895622D87B480037DD67 /* SearchResultCell.swift */,
			);
			path = Views;
			sourceTree = "<group>";
		};
		B0C5B7EE22D88F2B008F847F /* Helpers */ = {
			isa = PBXGroup;
			children = (
				B0C5B7EF22D88F50008F847F /* UIView+Layout.swift */,
				B0C5B7F122D89544008F847F /* VerticalStackView.swift */,
				B0F7F0BE22DB77D900B77254 /* Extensions.swift */,
				B0E609E722DE430B00B9B15A /* BetterSnappingLayout.swift */,
			);
			path = Helpers;
			sourceTree = "<group>";
		};
		B0D9EB0222E22F3E00B345BE /* Today */ = {
			isa = PBXGroup;
			children = (
				B0D9EB0322E22F5400B345BE /* TodayController.swift */,
				B0A8ED3622E31956005FFEF3 /* AppFullscreenController.swift */,
			);
			path = Today;
			sourceTree = "<group>";
		};
		B0D9EB0522E2304F00B345BE /* Today */ = {
			isa = PBXGroup;
			children = (
				B0D9EB0622E2305E00B345BE /* TodayCell.swift */,
				B04435B022E31B96002DFD77 /* AppFullscreenDescriptionCell.swift */,
				B04435B222E32625002DFD77 /* AppFullscreenHeaderCell.swift */,
			);
			path = Today;
			sourceTree = "<group>";
		};
		B0E9A65922D5F05F00A8C56C /* Controller */ = {
			isa = PBXGroup;
			children = (
				B0D9EB0222E22F3E00B345BE /* Today */,
				B0A051DA22DB69D000B24FAA /* Search */,
				B0A051D522DB688200B24FAA /* Apps */,
				B0362C3C22D5DF30003DF40F /* BaseTabBarController.swift */,
				B0A051D822DB696700B24FAA /* BaseListController.swift */,
				B0E609E522DE3DB000B9B15A /* HorizontalSnappingController.swift */,
			);
			path = Controller;
			sourceTree = "<group>";
		};
		F254A9EB0458E4E21459DE9A /* Pods */ = {
			isa = PBXGroup;
			children = (
				CF6DF849BE1CF8439B8ED31F /* Pods-AppStoreJSONApis.debug.xcconfig */,
				8516E42870708B9D0EA01CDB /* Pods-AppStoreJSONApis.release.xcconfig */,
			);
			path = Pods;
			sourceTree = "<group>";
		};
/* End PBXGroup section */

/* Begin PBXNativeTarget section */
		B0362C2622D5DE10003DF40F /* AppStoreJSONApis */ = {
			isa = PBXNativeTarget;
			buildConfigurationList = B0362C3922D5DE12003DF40F /* Build configuration list for PBXNativeTarget "AppStoreJSONApis" */;
			buildPhases = (
				69D0E5E99A8A64538B8021D8 /* [CP] Check Pods Manifest.lock */,
				B0362C2322D5DE10003DF40F /* Sources */,
				B0362C2422D5DE10003DF40F /* Frameworks */,
				B0362C2522D5DE10003DF40F /* Resources */,
				78DF323A186488423D96234A /* [CP] Embed Pods Frameworks */,
			);
			buildRules = (
			);
			dependencies = (
			);
			name = AppStoreJSONApis;
			productName = AppStoreJSONApis;
			productReference = B0362C2722D5DE11003DF40F /* AppStoreJSONApis.app */;
			productType = "com.apple.product-type.application";
		};
/* End PBXNativeTarget section */

/* Begin PBXProject section */
		B0362C1F22D5DE10003DF40F /* Project object */ = {
			isa = PBXProject;
			attributes = {
				LastSwiftUpdateCheck = 1020;
				LastUpgradeCheck = 1020;
				ORGANIZATIONNAME = "Maksim Nosov";
				TargetAttributes = {
					B0362C2622D5DE10003DF40F = {
						CreatedOnToolsVersion = 10.2.1;
					};
				};
			};
			buildConfigurationList = B0362C2222D5DE10003DF40F /* Build configuration list for PBXProject "AppStoreJSONApis" */;
			compatibilityVersion = "Xcode 9.3";
			developmentRegion = en;
			hasScannedForEncodings = 0;
			knownRegions = (
				en,
				Base,
			);
			mainGroup = B0362C1E22D5DE10003DF40F;
			productRefGroup = B0362C2822D5DE11003DF40F /* Products */;
			projectDirPath = "";
			projectRoot = "";
			targets = (
				B0362C2622D5DE10003DF40F /* AppStoreJSONApis */,
			);
		};
/* End PBXProject section */

/* Begin PBXResourcesBuildPhase section */
		B0362C2522D5DE10003DF40F /* Resources */ = {
			isa = PBXResourcesBuildPhase;
			buildActionMask = 2147483647;
			files = (
				B0362C3522D5DE12003DF40F /* LaunchScreen.storyboard in Resources */,
				B0362C3222D5DE12003DF40F /* Assets.xcassets in Resources */,
				B0362C3022D5DE11003DF40F /* Main.storyboard in Resources */,
			);
			runOnlyForDeploymentPostprocessing = 0;
		};
/* End PBXResourcesBuildPhase section */

/* Begin PBXShellScriptBuildPhase section */
		69D0E5E99A8A64538B8021D8 /* [CP] Check Pods Manifest.lock */ = {
			isa = PBXShellScriptBuildPhase;
			buildActionMask = 2147483647;
			files = (
			);
			inputFileListPaths = (
			);
			inputPaths = (
				"${PODS_PODFILE_DIR_PATH}/Podfile.lock",
				"${PODS_ROOT}/Manifest.lock",
			);
			name = "[CP] Check Pods Manifest.lock";
			outputFileListPaths = (
			);
			outputPaths = (
				"$(DERIVED_FILE_DIR)/Pods-AppStoreJSONApis-checkManifestLockResult.txt",
			);
			runOnlyForDeploymentPostprocessing = 0;
			shellPath = /bin/sh;
			shellScript = "diff \"${PODS_PODFILE_DIR_PATH}/Podfile.lock\" \"${PODS_ROOT}/Manifest.lock\" > /dev/null\nif [ $? != 0 ] ; then\n    # print error to STDERR\n    echo \"error: The sandbox is not in sync with the Podfile.lock. Run 'pod install' or update your CocoaPods installation.\" >&2\n    exit 1\nfi\n# This output is used by Xcode 'outputs' to avoid re-running this script phase.\necho \"SUCCESS\" > \"${SCRIPT_OUTPUT_FILE_0}\"\n";
			showEnvVarsInLog = 0;
		};
		78DF323A186488423D96234A /* [CP] Embed Pods Frameworks */ = {
			isa = PBXShellScriptBuildPhase;
			buildActionMask = 2147483647;
			files = (
			);
			inputFileListPaths = (
				"${PODS_ROOT}/Target Support Files/Pods-AppStoreJSONApis/Pods-AppStoreJSONApis-frameworks-${CONFIGURATION}-input-files.xcfilelist",
			);
			name = "[CP] Embed Pods Frameworks";
			outputFileListPaths = (
				"${PODS_ROOT}/Target Support Files/Pods-AppStoreJSONApis/Pods-AppStoreJSONApis-frameworks-${CONFIGURATION}-output-files.xcfilelist",
			);
			runOnlyForDeploymentPostprocessing = 0;
			shellPath = /bin/sh;
			shellScript = "\"${PODS_ROOT}/Target Support Files/Pods-AppStoreJSONApis/Pods-AppStoreJSONApis-frameworks.sh\"\n";
			showEnvVarsInLog = 0;
		};
/* End PBXShellScriptBuildPhase section */

/* Begin PBXSourcesBuildPhase section */
		B0362C2322D5DE10003DF40F /* Sources */ = {
			isa = PBXSourcesBuildPhase;
			buildActionMask = 2147483647;
			files = (
				B0362C2D22D5DE11003DF40F /* ViewController.swift in Sources */,
				B0E609E822DE430B00B9B15A /* BetterSnappingLayout.swift in Sources */,
				B0362C2B22D5DE11003DF40F /* AppDelegate.swift in Sources */,
				B083F3BC22E0764800764072 /* ReviewCell.swift in Sources */,
				B0A8ED3722E31956005FFEF3 /* AppFullscreenController.swift in Sources */,
				B0DD98F422DE241100F9A0A3 /* SocialApp.swift in Sources */,
				B040F68B22DB152D000F46EC /* SearchResult.swift in Sources */,
				B0E8EA0122DCEB1B00C031F5 /* AppGroup.swift in Sources */,
				B0A051D722DB68A800B24FAA /* AppsPageController.swift in Sources */,
				B01ACD4D22DCD0D700B0DB34 /* AppsHeaderCell.swift in Sources */,
				B0C5B7F022D88F50008F847F /* UIView+Layout.swift in Sources */,
				B083F3B822E0726800764072 /* ReviewRowCell.swift in Sources */,
				B0D9EB0722E2305E00B345BE /* TodayCell.swift in Sources */,
				B0A051D922DB696700B24FAA /* BaseListController.swift in Sources */,
				B012ECE722DF2D6700FAD777 /* AppDetailCell.swift in Sources */,
				B0F7F0BD22DB767C00B77254 /* AppRowCell.swift in Sources */,
				B0362C3D22D5DF30003DF40F /* BaseTabBarController.swift in Sources */,
				B0A051DD22DB6B4E00B24FAA /* AppsGroupCell.swift in Sources */,
				B01ACD4922DCCB2600B0DB34 /* AppsPageHeader.swift in Sources */,
				B04435B122E31B96002DFD77 /* AppFullscreenDescriptionCell.swift in Sources */,
				B040F68E22DB1BF8000F46EC /* Service.swift in Sources */,
				B0B601C122DF8E9000F35D8E /* PreviewScreenshotController.swift in Sources */,
				B0B601BF22DF8D1F00F35D8E /* PreviewCell.swift in Sources */,
				B083F3BA22E0743B00764072 /* ReviewsController.swift in Sources */,
				B083F3BE22E07E9900764072 /* Reviews.swift in Sources */,
				B0D9EB0422E22F5400B345BE /* TodayController.swift in Sources */,
				B0F7F0BF22DB77D900B77254 /* Extensions.swift in Sources */,
				B0E9A65B22D5F0B100A8C56C /* AppsSearchController.swift in Sources */,
				B0B4895722D87B480037DD67 /* SearchResultCell.swift in Sources */,
				B012ECE422DF254100FAD777 /* AppDetailController.swift in Sources */,
				B04435B322E32625002DFD77 /* AppFullscreenHeaderCell.swift in Sources */,
				B0E609E622DE3DB000B9B15A /* HorizontalSnappingController.swift in Sources */,
				B0A051DF22DB6E4F00B24FAA /* AppsHorizontalController.swift in Sources */,
				B0C5B7F222D89544008F847F /* VerticalStackView.swift in Sources */,
				B01ACD4B22DCCE9900B0DB34 /* AppsHeaderHorizontalController.swift in Sources */,
			);
			runOnlyForDeploymentPostprocessing = 0;
		};
/* End PBXSourcesBuildPhase section */

/* Begin PBXVariantGroup section */
		B0362C2E22D5DE11003DF40F /* Main.storyboard */ = {
			isa = PBXVariantGroup;
			children = (
				B0362C2F22D5DE11003DF40F /* Base */,
			);
			name = Main.storyboard;
			sourceTree = "<group>";
		};
		B0362C3322D5DE12003DF40F /* LaunchScreen.storyboard */ = {
			isa = PBXVariantGroup;
			children = (
				B0362C3422D5DE12003DF40F /* Base */,
			);
			name = LaunchScreen.storyboard;
			sourceTree = "<group>";
		};
/* End PBXVariantGroup section */

/* Begin XCBuildConfiguration section */
		B0362C3722D5DE12003DF40F /* Debug */ = {
			isa = XCBuildConfiguration;
			buildSettings = {
				ALWAYS_SEARCH_USER_PATHS = NO;
				CLANG_ANALYZER_NONNULL = YES;
				CLANG_ANALYZER_NUMBER_OBJECT_CONVERSION = YES_AGGRESSIVE;
				CLANG_CXX_LANGUAGE_STANDARD = "gnu++14";
				CLANG_CXX_LIBRARY = "libc++";
				CLANG_ENABLE_MODULES = YES;
				CLANG_ENABLE_OBJC_ARC = YES;
				CLANG_ENABLE_OBJC_WEAK = YES;
				CLANG_WARN_BLOCK_CAPTURE_AUTORELEASING = YES;
				CLANG_WARN_BOOL_CONVERSION = YES;
				CLANG_WARN_COMMA = YES;
				CLANG_WARN_CONSTANT_CONVERSION = YES;
				CLANG_WARN_DEPRECATED_OBJC_IMPLEMENTATIONS = YES;
				CLANG_WARN_DIRECT_OBJC_ISA_USAGE = YES_ERROR;
				CLANG_WARN_DOCUMENTATION_COMMENTS = YES;
				CLANG_WARN_EMPTY_BODY = YES;
				CLANG_WARN_ENUM_CONVERSION = YES;
				CLANG_WARN_INFINITE_RECURSION = YES;
				CLANG_WARN_INT_CONVERSION = YES;
				CLANG_WARN_NON_LITERAL_NULL_CONVERSION = YES;
				CLANG_WARN_OBJC_IMPLICIT_RETAIN_SELF = YES;
				CLANG_WARN_OBJC_LITERAL_CONVERSION = YES;
				CLANG_WARN_OBJC_ROOT_CLASS = YES_ERROR;
				CLANG_WARN_RANGE_LOOP_ANALYSIS = YES;
				CLANG_WARN_STRICT_PROTOTYPES = YES;
				CLANG_WARN_SUSPICIOUS_MOVE = YES;
				CLANG_WARN_UNGUARDED_AVAILABILITY = YES_AGGRESSIVE;
				CLANG_WARN_UNREACHABLE_CODE = YES;
				CLANG_WARN__DUPLICATE_METHOD_MATCH = YES;
				CODE_SIGN_IDENTITY = "iPhone Developer";
				COPY_PHASE_STRIP = NO;
				DEBUG_INFORMATION_FORMAT = dwarf;
				ENABLE_STRICT_OBJC_MSGSEND = YES;
				ENABLE_TESTABILITY = YES;
				GCC_C_LANGUAGE_STANDARD = gnu11;
				GCC_DYNAMIC_NO_PIC = NO;
				GCC_NO_COMMON_BLOCKS = YES;
				GCC_OPTIMIZATION_LEVEL = 0;
				GCC_PREPROCESSOR_DEFINITIONS = (
					"DEBUG=1",
					"$(inherited)",
				);
				GCC_WARN_64_TO_32_BIT_CONVERSION = YES;
				GCC_WARN_ABOUT_RETURN_TYPE = YES_ERROR;
				GCC_WARN_UNDECLARED_SELECTOR = YES;
				GCC_WARN_UNINITIALIZED_AUTOS = YES_AGGRESSIVE;
				GCC_WARN_UNUSED_FUNCTION = YES;
				GCC_WARN_UNUSED_VARIABLE = YES;
				IPHONEOS_DEPLOYMENT_TARGET = 12.2;
				MTL_ENABLE_DEBUG_INFO = INCLUDE_SOURCE;
				MTL_FAST_MATH = YES;
				ONLY_ACTIVE_ARCH = YES;
				SDKROOT = iphoneos;
				SWIFT_ACTIVE_COMPILATION_CONDITIONS = DEBUG;
				SWIFT_OPTIMIZATION_LEVEL = "-Onone";
			};
			name = Debug;
		};
		B0362C3822D5DE12003DF40F /* Release */ = {
			isa = XCBuildConfiguration;
			buildSettings = {
				ALWAYS_SEARCH_USER_PATHS = NO;
				CLANG_ANALYZER_NONNULL = YES;
				CLANG_ANALYZER_NUMBER_OBJECT_CONVERSION = YES_AGGRESSIVE;
				CLANG_CXX_LANGUAGE_STANDARD = "gnu++14";
				CLANG_CXX_LIBRARY = "libc++";
				CLANG_ENABLE_MODULES = YES;
				CLANG_ENABLE_OBJC_ARC = YES;
				CLANG_ENABLE_OBJC_WEAK = YES;
				CLANG_WARN_BLOCK_CAPTURE_AUTORELEASING = YES;
				CLANG_WARN_BOOL_CONVERSION = YES;
				CLANG_WARN_COMMA = YES;
				CLANG_WARN_CONSTANT_CONVERSION = YES;
				CLANG_WARN_DEPRECATED_OBJC_IMPLEMENTATIONS = YES;
				CLANG_WARN_DIRECT_OBJC_ISA_USAGE = YES_ERROR;
				CLANG_WARN_DOCUMENTATION_COMMENTS = YES;
				CLANG_WARN_EMPTY_BODY = YES;
				CLANG_WARN_ENUM_CONVERSION = YES;
				CLANG_WARN_INFINITE_RECURSION = YES;
				CLANG_WARN_INT_CONVERSION = YES;
				CLANG_WARN_NON_LITERAL_NULL_CONVERSION = YES;
				CLANG_WARN_OBJC_IMPLICIT_RETAIN_SELF = YES;
				CLANG_WARN_OBJC_LITERAL_CONVERSION = YES;
				CLANG_WARN_OBJC_ROOT_CLASS = YES_ERROR;
				CLANG_WARN_RANGE_LOOP_ANALYSIS = YES;
				CLANG_WARN_STRICT_PROTOTYPES = YES;
				CLANG_WARN_SUSPICIOUS_MOVE = YES;
				CLANG_WARN_UNGUARDED_AVAILABILITY = YES_AGGRESSIVE;
				CLANG_WARN_UNREACHABLE_CODE = YES;
				CLANG_WARN__DUPLICATE_METHOD_MATCH = YES;
				CODE_SIGN_IDENTITY = "iPhone Developer";
				COPY_PHASE_STRIP = NO;
				DEBUG_INFORMATION_FORMAT = "dwarf-with-dsym";
				ENABLE_NS_ASSERTIONS = NO;
				ENABLE_STRICT_OBJC_MSGSEND = YES;
				GCC_C_LANGUAGE_STANDARD = gnu11;
				GCC_NO_COMMON_BLOCKS = YES;
				GCC_WARN_64_TO_32_BIT_CONVERSION = YES;
				GCC_WARN_ABOUT_RETURN_TYPE = YES_ERROR;
				GCC_WARN_UNDECLARED_SELECTOR = YES;
				GCC_WARN_UNINITIALIZED_AUTOS = YES_AGGRESSIVE;
				GCC_WARN_UNUSED_FUNCTION = YES;
				GCC_WARN_UNUSED_VARIABLE = YES;
				IPHONEOS_DEPLOYMENT_TARGET = 12.2;
				MTL_ENABLE_DEBUG_INFO = NO;
				MTL_FAST_MATH = YES;
				SDKROOT = iphoneos;
				SWIFT_COMPILATION_MODE = wholemodule;
				SWIFT_OPTIMIZATION_LEVEL = "-O";
				VALIDATE_PRODUCT = YES;
			};
			name = Release;
		};
		B0362C3A22D5DE12003DF40F /* Debug */ = {
			isa = XCBuildConfiguration;
			baseConfigurationReference = CF6DF849BE1CF8439B8ED31F /* Pods-AppStoreJSONApis.debug.xcconfig */;
			buildSettings = {
				ASSETCATALOG_COMPILER_APPICON_NAME = AppIcon;
				CODE_SIGN_STYLE = Automatic;
				INFOPLIST_FILE = AppStoreJSONApis/Info.plist;
				LD_RUNPATH_SEARCH_PATHS = (
					"$(inherited)",
					"@executable_path/Frameworks",
				);
				PRODUCT_BUNDLE_IDENTIFIER = com.ozolc.AppStoreJSONApis;
				PRODUCT_NAME = "$(TARGET_NAME)";
				SWIFT_VERSION = 5.0;
				TARGETED_DEVICE_FAMILY = "1,2";
			};
			name = Debug;
		};
		B0362C3B22D5DE12003DF40F /* Release */ = {
			isa = XCBuildConfiguration;
			baseConfigurationReference = 8516E42870708B9D0EA01CDB /* Pods-AppStoreJSONApis.release.xcconfig */;
			buildSettings = {
				ASSETCATALOG_COMPILER_APPICON_NAME = AppIcon;
				CODE_SIGN_STYLE = Automatic;
				INFOPLIST_FILE = AppStoreJSONApis/Info.plist;
				LD_RUNPATH_SEARCH_PATHS = (
					"$(inherited)",
					"@executable_path/Frameworks",
				);
				PRODUCT_BUNDLE_IDENTIFIER = com.ozolc.AppStoreJSONApis;
				PRODUCT_NAME = "$(TARGET_NAME)";
				SWIFT_VERSION = 5.0;
				TARGETED_DEVICE_FAMILY = "1,2";
			};
			name = Release;
		};
/* End XCBuildConfiguration section */

/* Begin XCConfigurationList section */
		B0362C2222D5DE10003DF40F /* Build configuration list for PBXProject "AppStoreJSONApis" */ = {
			isa = XCConfigurationList;
			buildConfigurations = (
				B0362C3722D5DE12003DF40F /* Debug */,
				B0362C3822D5DE12003DF40F /* Release */,
			);
			defaultConfigurationIsVisible = 0;
			defaultConfigurationName = Release;
		};
		B0362C3922D5DE12003DF40F /* Build configuration list for PBXNativeTarget "AppStoreJSONApis" */ = {
			isa = XCConfigurationList;
			buildConfigurations = (
				B0362C3A22D5DE12003DF40F /* Debug */,
				B0362C3B22D5DE12003DF40F /* Release */,
			);
			defaultConfigurationIsVisible = 0;
			defaultConfigurationName = Release;
		};
/* End XCConfigurationList section */
	};
	rootObject = B0362C1F22D5DE10003DF40F /* Project object */;
}
