// !$*UTF8*$!
{
	archiveVersion = 1;
	classes = {
	};
	objectVersion = 52;
	objects = {

/* Begin PBXBuildFile section */
		B0119F7B23A7760A00115909 /* DirectionsController.swift in Sources */ = {isa = PBXBuildFile; fileRef = B0119F7A23A7760A00115909 /* DirectionsController.swift */; };
		B01DAB9023A4B98200E4E915 /* AppDelegate.swift in Sources */ = {isa = PBXBuildFile; fileRef = B01DAB8F23A4B98200E4E915 /* AppDelegate.swift */; };
		B01DAB9223A4B98200E4E915 /* SceneDelegate.swift in Sources */ = {isa = PBXBuildFile; fileRef = B01DAB9123A4B98200E4E915 /* SceneDelegate.swift */; };
		B01DAB9423A4B98200E4E915 /* ContentView.swift in Sources */ = {isa = PBXBuildFile; fileRef = B01DAB9323A4B98200E4E915 /* ContentView.swift */; };
		B01DAB9623A4B98300E4E915 /* Assets.xcassets in Resources */ = {isa = PBXBuildFile; fileRef = B01DAB9523A4B98300E4E915 /* Assets.xcassets */; };
		B01DAB9923A4B98300E4E915 /* Preview Assets.xcassets in Resources */ = {isa = PBXBuildFile; fileRef = B01DAB9823A4B98300E4E915 /* Preview Assets.xcassets */; };
		B01DAB9C23A4B98300E4E915 /* LaunchScreen.storyboard in Resources */ = {isa = PBXBuildFile; fileRef = B01DAB9A23A4B98300E4E915 /* LaunchScreen.storyboard */; };
		B01DABA523A4BAA300E4E915 /* MainController.swift in Sources */ = {isa = PBXBuildFile; fileRef = B01DABA423A4BAA300E4E915 /* MainController.swift */; };
		B01DABA823A4BCEE00E4E915 /* LBTATools in Frameworks */ = {isa = PBXBuildFile; productRef = B01DABA723A4BCEE00E4E915 /* LBTATools */; };
		B08773D823A6AC5D005DF822 /* beijing.gpx in Resources */ = {isa = PBXBuildFile; fileRef = B08773D723A6AC5D005DF822 /* beijing.gpx */; };
		B0B3634D23AA0E9200717035 /* LocationSearchController.swift in Sources */ = {isa = PBXBuildFile; fileRef = B0B3634C23AA0E9200717035 /* LocationSearchController.swift */; };
		B0C5297723A62B8B007EC2A4 /* LocationsCarouselController.swift in Sources */ = {isa = PBXBuildFile; fileRef = B0C5297623A62B8B007EC2A4 /* LocationsCarouselController.swift */; };
		B0C5297923A630B0007EC2A4 /* MKMapItem+Address.swift in Sources */ = {isa = PBXBuildFile; fileRef = B0C5297823A630B0007EC2A4 /* MKMapItem+Address.swift */; };
		B0FC398923AA254A005427D9 /* JGProgressHUD in Frameworks */ = {isa = PBXBuildFile; productRef = B0FC398823AA254A005427D9 /* JGProgressHUD */; };
/* End PBXBuildFile section */

/* Begin PBXFileReference section */
		B0119F7A23A7760A00115909 /* DirectionsController.swift */ = {isa = PBXFileReference; lastKnownFileType = sourcecode.swift; path = DirectionsController.swift; sourceTree = "<group>"; };
		B01DAB8C23A4B98200E4E915 /* MapsDirectionsGooglePlacesLBTA.app */ = {isa = PBXFileReference; explicitFileType = wrapper.application; includeInIndex = 0; path = MapsDirectionsGooglePlacesLBTA.app; sourceTree = BUILT_PRODUCTS_DIR; };
		B01DAB8F23A4B98200E4E915 /* AppDelegate.swift */ = {isa = PBXFileReference; lastKnownFileType = sourcecode.swift; path = AppDelegate.swift; sourceTree = "<group>"; };
		B01DAB9123A4B98200E4E915 /* SceneDelegate.swift */ = {isa = PBXFileReference; lastKnownFileType = sourcecode.swift; path = SceneDelegate.swift; sourceTree = "<group>"; };
		B01DAB9323A4B98200E4E915 /* ContentView.swift */ = {isa = PBXFileReference; lastKnownFileType = sourcecode.swift; path = ContentView.swift; sourceTree = "<group>"; };
		B01DAB9523A4B98300E4E915 /* Assets.xcassets */ = {isa = PBXFileReference; lastKnownFileType = folder.assetcatalog; path = Assets.xcassets; sourceTree = "<group>"; };
		B01DAB9823A4B98300E4E915 /* Preview Assets.xcassets */ = {isa = PBXFileReference; lastKnownFileType = folder.assetcatalog; path = "Preview Assets.xcassets"; sourceTree = "<group>"; };
		B01DAB9B23A4B98300E4E915 /* Base */ = {isa = PBXFileReference; lastKnownFileType = file.storyboard; name = Base; path = Base.lproj/LaunchScreen.storyboard; sourceTree = "<group>"; };
		B01DAB9D23A4B98300E4E915 /* Info.plist */ = {isa = PBXFileReference; lastKnownFileType = text.plist.xml; path = Info.plist; sourceTree = "<group>"; };
		B01DABA423A4BAA300E4E915 /* MainController.swift */ = {isa = PBXFileReference; lastKnownFileType = sourcecode.swift; path = MainController.swift; sourceTree = "<group>"; };
		B08773D723A6AC5D005DF822 /* beijing.gpx */ = {isa = PBXFileReference; fileEncoding = 4; lastKnownFileType = text.xml; path = beijing.gpx; sourceTree = "<group>"; };
		B0B3634C23AA0E9200717035 /* LocationSearchController.swift */ = {isa = PBXFileReference; lastKnownFileType = sourcecode.swift; path = LocationSearchController.swift; sourceTree = "<group>"; };
		B0C5297623A62B8B007EC2A4 /* LocationsCarouselController.swift */ = {isa = PBXFileReference; lastKnownFileType = sourcecode.swift; path = LocationsCarouselController.swift; sourceTree = "<group>"; };
		B0C5297823A630B0007EC2A4 /* MKMapItem+Address.swift */ = {isa = PBXFileReference; lastKnownFileType = sourcecode.swift; path = "MKMapItem+Address.swift"; sourceTree = "<group>"; };
/* End PBXFileReference section */

/* Begin PBXFrameworksBuildPhase section */
		B01DAB8923A4B98200E4E915 /* Frameworks */ = {
			isa = PBXFrameworksBuildPhase;
			buildActionMask = 2147483647;
			files = (
				B0FC398923AA254A005427D9 /* JGProgressHUD in Frameworks */,
				B01DABA823A4BCEE00E4E915 /* LBTATools in Frameworks */,
			);
			runOnlyForDeploymentPostprocessing = 0;
		};
/* End PBXFrameworksBuildPhase section */

/* Begin PBXGroup section */
		B0119F7923A775E700115909 /* Directions */ = {
			isa = PBXGroup;
			children = (
				B0119F7A23A7760A00115909 /* DirectionsController.swift */,
				B0B3634C23AA0E9200717035 /* LocationSearchController.swift */,
			);
			path = Directions;
			sourceTree = "<group>";
		};
		B01DAB8323A4B98200E4E915 = {
			isa = PBXGroup;
			children = (
				B08773D723A6AC5D005DF822 /* beijing.gpx */,
				B01DAB8E23A4B98200E4E915 /* MapsDirectionsGooglePlacesLBTA */,
				B01DAB8D23A4B98200E4E915 /* Products */,
			);
			sourceTree = "<group>";
		};
		B01DAB8D23A4B98200E4E915 /* Products */ = {
			isa = PBXGroup;
			children = (
				B01DAB8C23A4B98200E4E915 /* MapsDirectionsGooglePlacesLBTA.app */,
			);
			name = Products;
			sourceTree = "<group>";
		};
		B01DAB8E23A4B98200E4E915 /* MapsDirectionsGooglePlacesLBTA */ = {
			isa = PBXGroup;
			children = (
				B0119F7923A775E700115909 /* Directions */,
				B01DABA323A4BA8F00E4E915 /* Main */,
				B01DAB8F23A4B98200E4E915 /* AppDelegate.swift */,
				B01DAB9123A4B98200E4E915 /* SceneDelegate.swift */,
				B01DAB9323A4B98200E4E915 /* ContentView.swift */,
				B01DAB9523A4B98300E4E915 /* Assets.xcassets */,
				B01DAB9A23A4B98300E4E915 /* LaunchScreen.storyboard */,
				B01DAB9D23A4B98300E4E915 /* Info.plist */,
				B01DAB9723A4B98300E4E915 /* Preview Content */,
			);
			path = MapsDirectionsGooglePlacesLBTA;
			sourceTree = "<group>";
		};
		B01DAB9723A4B98300E4E915 /* Preview Content */ = {
			isa = PBXGroup;
			children = (
				B01DAB9823A4B98300E4E915 /* Preview Assets.xcassets */,
			);
			path = "Preview Content";
			sourceTree = "<group>";
		};
		B01DABA323A4BA8F00E4E915 /* Main */ = {
			isa = PBXGroup;
			children = (
				B01DABA423A4BAA300E4E915 /* MainController.swift */,
				B0C5297823A630B0007EC2A4 /* MKMapItem+Address.swift */,
				B0C5297623A62B8B007EC2A4 /* LocationsCarouselController.swift */,
			);
			path = Main;
			sourceTree = "<group>";
		};
/* End PBXGroup section */

/* Begin PBXNativeTarget section */
		B01DAB8B23A4B98200E4E915 /* MapsDirectionsGooglePlacesLBTA */ = {
			isa = PBXNativeTarget;
			buildConfigurationList = B01DABA023A4B98300E4E915 /* Build configuration list for PBXNativeTarget "MapsDirectionsGooglePlacesLBTA" */;
			buildPhases = (
				B01DAB8823A4B98200E4E915 /* Sources */,
				B01DAB8923A4B98200E4E915 /* Frameworks */,
				B01DAB8A23A4B98200E4E915 /* Resources */,
			);
			buildRules = (
			);
			dependencies = (
			);
			name = MapsDirectionsGooglePlacesLBTA;
			packageProductDependencies = (
				B01DABA723A4BCEE00E4E915 /* LBTATools */,
				B0FC398823AA254A005427D9 /* JGProgressHUD */,
			);
			productName = MapsDirectionsGooglePlacesLBTA;
			productReference = B01DAB8C23A4B98200E4E915 /* MapsDirectionsGooglePlacesLBTA.app */;
			productType = "com.apple.product-type.application";
		};
/* End PBXNativeTarget section */

/* Begin PBXProject section */
		B01DAB8423A4B98200E4E915 /* Project object */ = {
			isa = PBXProject;
			attributes = {
				LastSwiftUpdateCheck = 1130;
				LastUpgradeCheck = 1130;
				ORGANIZATIONNAME = "Maksim Nosov";
				TargetAttributes = {
					B01DAB8B23A4B98200E4E915 = {
						CreatedOnToolsVersion = 11.3;
					};
				};
			};
			buildConfigurationList = B01DAB8723A4B98200E4E915 /* Build configuration list for PBXProject "MapsDirectionsGooglePlacesLBTA" */;
			compatibilityVersion = "Xcode 9.3";
			developmentRegion = en;
			hasScannedForEncodings = 0;
			knownRegions = (
				en,
				Base,
			);
			mainGroup = B01DAB8323A4B98200E4E915;
			packageReferences = (
				B01DABA623A4BCEE00E4E915 /* XCRemoteSwiftPackageReference "LBTATools" */,
				B0FC398723AA254A005427D9 /* XCRemoteSwiftPackageReference "JGProgressHUD" */,
			);
			productRefGroup = B01DAB8D23A4B98200E4E915 /* Products */;
			projectDirPath = "";
			projectRoot = "";
			targets = (
				B01DAB8B23A4B98200E4E915 /* MapsDirectionsGooglePlacesLBTA */,
			);
		};
/* End PBXProject section */

/* Begin PBXResourcesBuildPhase section */
		B01DAB8A23A4B98200E4E915 /* Resources */ = {
			isa = PBXResourcesBuildPhase;
			buildActionMask = 2147483647;
			files = (
				B08773D823A6AC5D005DF822 /* beijing.gpx in Resources */,
				B01DAB9C23A4B98300E4E915 /* LaunchScreen.storyboard in Resources */,
				B01DAB9923A4B98300E4E915 /* Preview Assets.xcassets in Resources */,
				B01DAB9623A4B98300E4E915 /* Assets.xcassets in Resources */,
			);
			runOnlyForDeploymentPostprocessing = 0;
		};
/* End PBXResourcesBuildPhase section */

/* Begin PBXSourcesBuildPhase section */
		B01DAB8823A4B98200E4E915 /* Sources */ = {
			isa = PBXSourcesBuildPhase;
			buildActionMask = 2147483647;
			files = (
				B0C5297923A630B0007EC2A4 /* MKMapItem+Address.swift in Sources */,
				B01DABA523A4BAA300E4E915 /* MainController.swift in Sources */,
				B0119F7B23A7760A00115909 /* DirectionsController.swift in Sources */,
				B01DAB9023A4B98200E4E915 /* AppDelegate.swift in Sources */,
				B0B3634D23AA0E9200717035 /* LocationSearchController.swift in Sources */,
				B01DAB9223A4B98200E4E915 /* SceneDelegate.swift in Sources */,
				B0C5297723A62B8B007EC2A4 /* LocationsCarouselController.swift in Sources */,
				B01DAB9423A4B98200E4E915 /* ContentView.swift in Sources */,
			);
			runOnlyForDeploymentPostprocessing = 0;
		};
/* End PBXSourcesBuildPhase section */

/* Begin PBXVariantGroup section */
		B01DAB9A23A4B98300E4E915 /* LaunchScreen.storyboard */ = {
			isa = PBXVariantGroup;
			children = (
				B01DAB9B23A4B98300E4E915 /* Base */,
			);
			name = LaunchScreen.storyboard;
			sourceTree = "<group>";
		};
/* End PBXVariantGroup section */

/* Begin XCBuildConfiguration section */
		B01DAB9E23A4B98300E4E915 /* Debug */ = {
			isa = XCBuildConfiguration;
			buildSettings = {
				ALWAYS_SEARCH_USER_PATHS = NO;
				CLANG_ANALYZER_NONNULL = YES;
				CLANG_ANALYZER_NUMBER_OBJECT_CONVERSION = YES_AGGRESSIVE;
				CLANG_CXX_LANGUAGE_STANDARD = "gnu++14";
				CLANG_CXX_LIBRARY = "libc++";
				CLANG_ENABLE_MODULES = YES;
				CLANG_ENABLE_OBJC_ARC = YES;
				CLANG_ENABLE_OBJC_WEAK = YES;
				CLANG_WARN_BLOCK_CAPTURE_AUTORELEASING = YES;
				CLANG_WARN_BOOL_CONVERSION = YES;
				CLANG_WARN_COMMA = YES;
				CLANG_WARN_CONSTANT_CONVERSION = YES;
				CLANG_WARN_DEPRECATED_OBJC_IMPLEMENTATIONS = YES;
				CLANG_WARN_DIRECT_OBJC_ISA_USAGE = YES_ERROR;
				CLANG_WARN_DOCUMENTATION_COMMENTS = YES;
				CLANG_WARN_EMPTY_BODY = YES;
				CLANG_WARN_ENUM_CONVERSION = YES;
				CLANG_WARN_INFINITE_RECURSION = YES;
				CLANG_WARN_INT_CONVERSION = YES;
				CLANG_WARN_NON_LITERAL_NULL_CONVERSION = YES;
				CLANG_WARN_OBJC_IMPLICIT_RETAIN_SELF = YES;
				CLANG_WARN_OBJC_LITERAL_CONVERSION = YES;
				CLANG_WARN_OBJC_ROOT_CLASS = YES_ERROR;
				CLANG_WARN_RANGE_LOOP_ANALYSIS = YES;
				CLANG_WARN_STRICT_PROTOTYPES = YES;
				CLANG_WARN_SUSPICIOUS_MOVE = YES;
				CLANG_WARN_UNGUARDED_AVAILABILITY = YES_AGGRESSIVE;
				CLANG_WARN_UNREACHABLE_CODE = YES;
				CLANG_WARN__DUPLICATE_METHOD_MATCH = YES;
				COPY_PHASE_STRIP = NO;
				DEBUG_INFORMATION_FORMAT = dwarf;
				ENABLE_STRICT_OBJC_MSGSEND = YES;
				ENABLE_TESTABILITY = YES;
				GCC_C_LANGUAGE_STANDARD = gnu11;
				GCC_DYNAMIC_NO_PIC = NO;
				GCC_NO_COMMON_BLOCKS = YES;
				GCC_OPTIMIZATION_LEVEL = 0;
				GCC_PREPROCESSOR_DEFINITIONS = (
					"DEBUG=1",
					"$(inherited)",
				);
				GCC_WARN_64_TO_32_BIT_CONVERSION = YES;
				GCC_WARN_ABOUT_RETURN_TYPE = YES_ERROR;
				GCC_WARN_UNDECLARED_SELECTOR = YES;
				GCC_WARN_UNINITIALIZED_AUTOS = YES_AGGRESSIVE;
				GCC_WARN_UNUSED_FUNCTION = YES;
				GCC_WARN_UNUSED_VARIABLE = YES;
				IPHONEOS_DEPLOYMENT_TARGET = 13.2;
				MTL_ENABLE_DEBUG_INFO = INCLUDE_SOURCE;
				MTL_FAST_MATH = YES;
				ONLY_ACTIVE_ARCH = YES;
				SDKROOT = iphoneos;
				SWIFT_ACTIVE_COMPILATION_CONDITIONS = DEBUG;
				SWIFT_OPTIMIZATION_LEVEL = "-Onone";
			};
			name = Debug;
		};
		B01DAB9F23A4B98300E4E915 /* Release */ = {
			isa = XCBuildConfiguration;
			buildSettings = {
				ALWAYS_SEARCH_USER_PATHS = NO;
				CLANG_ANALYZER_NONNULL = YES;
				CLANG_ANALYZER_NUMBER_OBJECT_CONVERSION = YES_AGGRESSIVE;
				CLANG_CXX_LANGUAGE_STANDARD = "gnu++14";
				CLANG_CXX_LIBRARY = "libc++";
				CLANG_ENABLE_MODULES = YES;
				CLANG_ENABLE_OBJC_ARC = YES;
				CLANG_ENABLE_OBJC_WEAK = YES;
				CLANG_WARN_BLOCK_CAPTURE_AUTORELEASING = YES;
				CLANG_WARN_BOOL_CONVERSION = YES;
				CLANG_WARN_COMMA = YES;
				CLANG_WARN_CONSTANT_CONVERSION = YES;
				CLANG_WARN_DEPRECATED_OBJC_IMPLEMENTATIONS = YES;
				CLANG_WARN_DIRECT_OBJC_ISA_USAGE = YES_ERROR;
				CLANG_WARN_DOCUMENTATION_COMMENTS = YES;
				CLANG_WARN_EMPTY_BODY = YES;
				CLANG_WARN_ENUM_CONVERSION = YES;
				CLANG_WARN_INFINITE_RECURSION = YES;
				CLANG_WARN_INT_CONVERSION = YES;
				CLANG_WARN_NON_LITERAL_NULL_CONVERSION = YES;
				CLANG_WARN_OBJC_IMPLICIT_RETAIN_SELF = YES;
				CLANG_WARN_OBJC_LITERAL_CONVERSION = YES;
				CLANG_WARN_OBJC_ROOT_CLASS = YES_ERROR;
				CLANG_WARN_RANGE_LOOP_ANALYSIS = YES;
				CLANG_WARN_STRICT_PROTOTYPES = YES;
				CLANG_WARN_SUSPICIOUS_MOVE = YES;
				CLANG_WARN_UNGUARDED_AVAILABILITY = YES_AGGRESSIVE;
				CLANG_WARN_UNREACHABLE_CODE = YES;
				CLANG_WARN__DUPLICATE_METHOD_MATCH = YES;
				COPY_PHASE_STRIP = NO;
				DEBUG_INFORMATION_FORMAT = "dwarf-with-dsym";
				ENABLE_NS_ASSERTIONS = NO;
				ENABLE_STRICT_OBJC_MSGSEND = YES;
				GCC_C_LANGUAGE_STANDARD = gnu11;
				GCC_NO_COMMON_BLOCKS = YES;
				GCC_WARN_64_TO_32_BIT_CONVERSION = YES;
				GCC_WARN_ABOUT_RETURN_TYPE = YES_ERROR;
				GCC_WARN_UNDECLARED_SELECTOR = YES;
				GCC_WARN_UNINITIALIZED_AUTOS = YES_AGGRESSIVE;
				GCC_WARN_UNUSED_FUNCTION = YES;
				GCC_WARN_UNUSED_VARIABLE = YES;
				IPHONEOS_DEPLOYMENT_TARGET = 13.2;
				MTL_ENABLE_DEBUG_INFO = NO;
				MTL_FAST_MATH = YES;
				SDKROOT = iphoneos;
				SWIFT_COMPILATION_MODE = wholemodule;
				SWIFT_OPTIMIZATION_LEVEL = "-O";
				VALIDATE_PRODUCT = YES;
			};
			name = Release;
		};
		B01DABA123A4B98300E4E915 /* Debug */ = {
			isa = XCBuildConfiguration;
			buildSettings = {
				ASSETCATALOG_COMPILER_APPICON_NAME = AppIcon;
				CODE_SIGN_STYLE = Automatic;
				DEVELOPMENT_ASSET_PATHS = "\"MapsDirectionsGooglePlacesLBTA/Preview Content\"";
				DEVELOPMENT_TEAM = RXJ69EWCMT;
				ENABLE_PREVIEWS = YES;
				INFOPLIST_FILE = MapsDirectionsGooglePlacesLBTA/Info.plist;
				LD_RUNPATH_SEARCH_PATHS = (
					"$(inherited)",
					"@executable_path/Frameworks",
				);
				PRODUCT_BUNDLE_IDENTIFIER = ozolc.MapsDirectionsGooglePlacesLBTA;
				PRODUCT_NAME = "$(TARGET_NAME)";
				SWIFT_VERSION = 5.0;
				TARGETED_DEVICE_FAMILY = "1,2";
			};
			name = Debug;
		};
		B01DABA223A4B98300E4E915 /* Release */ = {
			isa = XCBuildConfiguration;
			buildSettings = {
				ASSETCATALOG_COMPILER_APPICON_NAME = AppIcon;
				CODE_SIGN_STYLE = Automatic;
				DEVELOPMENT_ASSET_PATHS = "\"MapsDirectionsGooglePlacesLBTA/Preview Content\"";
				DEVELOPMENT_TEAM = RXJ69EWCMT;
				ENABLE_PREVIEWS = YES;
				INFOPLIST_FILE = MapsDirectionsGooglePlacesLBTA/Info.plist;
				LD_RUNPATH_SEARCH_PATHS = (
					"$(inherited)",
					"@executable_path/Frameworks",
				);
				PRODUCT_BUNDLE_IDENTIFIER = ozolc.MapsDirectionsGooglePlacesLBTA;
				PRODUCT_NAME = "$(TARGET_NAME)";
				SWIFT_VERSION = 5.0;
				TARGETED_DEVICE_FAMILY = "1,2";
			};
			name = Release;
		};
/* End XCBuildConfiguration section */

/* Begin XCConfigurationList section */
		B01DAB8723A4B98200E4E915 /* Build configuration list for PBXProject "MapsDirectionsGooglePlacesLBTA" */ = {
			isa = XCConfigurationList;
			buildConfigurations = (
				B01DAB9E23A4B98300E4E915 /* Debug */,
				B01DAB9F23A4B98300E4E915 /* Release */,
			);
			defaultConfigurationIsVisible = 0;
			defaultConfigurationName = Release;
		};
		B01DABA023A4B98300E4E915 /* Build configuration list for PBXNativeTarget "MapsDirectionsGooglePlacesLBTA" */ = {
			isa = XCConfigurationList;
			buildConfigurations = (
				B01DABA123A4B98300E4E915 /* Debug */,
				B01DABA223A4B98300E4E915 /* Release */,
			);
			defaultConfigurationIsVisible = 0;
			defaultConfigurationName = Release;
		};
/* End XCConfigurationList section */

/* Begin XCRemoteSwiftPackageReference section */
		B01DABA623A4BCEE00E4E915 /* XCRemoteSwiftPackageReference "LBTATools" */ = {
			isa = XCRemoteSwiftPackageReference;
			repositoryURL = "https://github.com/bhlvoong/LBTATools.git";
			requirement = {
				kind = upToNextMajorVersion;
				minimumVersion = 1.0.17;
			};
		};
		B0FC398723AA254A005427D9 /* XCRemoteSwiftPackageReference "JGProgressHUD" */ = {
			isa = XCRemoteSwiftPackageReference;
			repositoryURL = "https://github.com/JonasGessner/JGProgressHUD.git";
			requirement = {
				kind = upToNextMajorVersion;
				minimumVersion = 2.1.0;
			};
		};
/* End XCRemoteSwiftPackageReference section */

/* Begin XCSwiftPackageProductDependency section */
		B01DABA723A4BCEE00E4E915 /* LBTATools */ = {
			isa = XCSwiftPackageProductDependency;
			package = B01DABA623A4BCEE00E4E915 /* XCRemoteSwiftPackageReference "LBTATools" */;
			productName = LBTATools;
		};
		B0FC398823AA254A005427D9 /* JGProgressHUD */ = {
			isa = XCSwiftPackageProductDependency;
			package = B0FC398723AA254A005427D9 /* XCRemoteSwiftPackageReference "JGProgressHUD" */;
			productName = JGProgressHUD;
		};
/* End XCSwiftPackageProductDependency section */
	};
	rootObject = B01DAB8423A4B98200E4E915 /* Project object */;
}
