// !$*UTF8*$!
{
	archiveVersion = 1;
	classes = {
	};
	objectVersion = 50;
	objects = {

/* Begin PBXBuildFile section */
		B007E73D22D0CE7F0002E845 /* CustomMenuHeaderView.swift in Sources */ = {isa = PBXBuildFile; fileRef = B007E73C22D0CE7F0002E845 /* CustomMenuHeaderView.swift */; };
		B007E73F22D0D49C0002E845 /* SpacerView.swift in Sources */ = {isa = PBXBuildFile; fileRef = B007E73E22D0D49C0002E845 /* SpacerView.swift */; };
		B0225B2D22D1BCE60041A852 /* ProfileImageView.swift in Sources */ = {isa = PBXBuildFile; fileRef = B0225B2C22D1BCE60041A852 /* ProfileImageView.swift */; };
		B0225B2F22D1C4E00041A852 /* MenuItemCell.swift in Sources */ = {isa = PBXBuildFile; fileRef = B0225B2E22D1C4E00041A852 /* MenuItemCell.swift */; };
		B0247F4822C3C0CA00A63775 /* AppDelegate.swift in Sources */ = {isa = PBXBuildFile; fileRef = B0247F4722C3C0CA00A63775 /* AppDelegate.swift */; };
		B0247F4A22C3C0CA00A63775 /* HomeController.swift in Sources */ = {isa = PBXBuildFile; fileRef = B0247F4922C3C0CA00A63775 /* HomeController.swift */; };
		B0247F4D22C3C0CA00A63775 /* Main.storyboard in Resources */ = {isa = PBXBuildFile; fileRef = B0247F4B22C3C0CA00A63775 /* Main.storyboard */; };
		B0247F4F22C3C0CB00A63775 /* Assets.xcassets in Resources */ = {isa = PBXBuildFile; fileRef = B0247F4E22C3C0CB00A63775 /* Assets.xcassets */; };
		B0247F5222C3C0CB00A63775 /* LaunchScreen.storyboard in Resources */ = {isa = PBXBuildFile; fileRef = B0247F5022C3C0CB00A63775 /* LaunchScreen.storyboard */; };
		B0247F5B22C3C8D500A63775 /* MenuController.swift in Sources */ = {isa = PBXBuildFile; fileRef = B0247F5A22C3C8D500A63775 /* MenuController.swift */; };
		B026BAD522D24E70008DD381 /* ListsController.swift in Sources */ = {isa = PBXBuildFile; fileRef = B026BAD422D24E70008DD381 /* ListsController.swift */; };
		B02C2B4922D4738D00723F0D /* ChatroomsMenuController.swift in Sources */ = {isa = PBXBuildFile; fileRef = B02C2B4822D4738D00723F0D /* ChatroomsMenuController.swift */; };
		B0886BD522D3372100CFFD7E /* BookmarksController.swift in Sources */ = {isa = PBXBuildFile; fileRef = B0886BD422D3372100CFFD7E /* BookmarksController.swift */; };
		B0DFDC5D22D09B470000EA93 /* BaseSlidingController.swift in Sources */ = {isa = PBXBuildFile; fileRef = B0DFDC5C22D09B470000EA93 /* BaseSlidingController.swift */; };
/* End PBXBuildFile section */

/* Begin PBXFileReference section */
		B007E73C22D0CE7F0002E845 /* CustomMenuHeaderView.swift */ = {isa = PBXFileReference; lastKnownFileType = sourcecode.swift; path = CustomMenuHeaderView.swift; sourceTree = "<group>"; };
		B007E73E22D0D49C0002E845 /* SpacerView.swift */ = {isa = PBXFileReference; lastKnownFileType = sourcecode.swift; path = SpacerView.swift; sourceTree = "<group>"; };
		B0225B2C22D1BCE60041A852 /* ProfileImageView.swift */ = {isa = PBXFileReference; lastKnownFileType = sourcecode.swift; path = ProfileImageView.swift; sourceTree = "<group>"; };
		B0225B2E22D1C4E00041A852 /* MenuItemCell.swift */ = {isa = PBXFileReference; lastKnownFileType = sourcecode.swift; path = MenuItemCell.swift; sourceTree = "<group>"; };
		B0247F4422C3C0CA00A63775 /* SlideOutMenuLBTA.app */ = {isa = PBXFileReference; explicitFileType = wrapper.application; includeInIndex = 0; path = SlideOutMenuLBTA.app; sourceTree = BUILT_PRODUCTS_DIR; };
		B0247F4722C3C0CA00A63775 /* AppDelegate.swift */ = {isa = PBXFileReference; lastKnownFileType = sourcecode.swift; path = AppDelegate.swift; sourceTree = "<group>"; };
		B0247F4922C3C0CA00A63775 /* HomeController.swift */ = {isa = PBXFileReference; lastKnownFileType = sourcecode.swift; path = HomeController.swift; sourceTree = "<group>"; };
		B0247F4C22C3C0CA00A63775 /* Base */ = {isa = PBXFileReference; lastKnownFileType = file.storyboard; name = Base; path = Base.lproj/Main.storyboard; sourceTree = "<group>"; };
		B0247F4E22C3C0CB00A63775 /* Assets.xcassets */ = {isa = PBXFileReference; lastKnownFileType = folder.assetcatalog; path = Assets.xcassets; sourceTree = "<group>"; };
		B0247F5122C3C0CB00A63775 /* Base */ = {isa = PBXFileReference; lastKnownFileType = file.storyboard; name = Base; path = Base.lproj/LaunchScreen.storyboard; sourceTree = "<group>"; };
		B0247F5322C3C0CB00A63775 /* Info.plist */ = {isa = PBXFileReference; lastKnownFileType = text.plist.xml; path = Info.plist; sourceTree = "<group>"; };
		B0247F5A22C3C8D500A63775 /* MenuController.swift */ = {isa = PBXFileReference; lastKnownFileType = sourcecode.swift; path = MenuController.swift; sourceTree = "<group>"; };
		B026BAD422D24E70008DD381 /* ListsController.swift */ = {isa = PBXFileReference; lastKnownFileType = sourcecode.swift; path = ListsController.swift; sourceTree = "<group>"; };
		B02C2B4822D4738D00723F0D /* ChatroomsMenuController.swift */ = {isa = PBXFileReference; lastKnownFileType = sourcecode.swift; path = ChatroomsMenuController.swift; sourceTree = "<group>"; };
		B0886BD422D3372100CFFD7E /* BookmarksController.swift */ = {isa = PBXFileReference; lastKnownFileType = sourcecode.swift; path = BookmarksController.swift; sourceTree = "<group>"; };
		B0DFDC5C22D09B470000EA93 /* BaseSlidingController.swift */ = {isa = PBXFileReference; lastKnownFileType = sourcecode.swift; path = BaseSlidingController.swift; sourceTree = "<group>"; };
/* End PBXFileReference section */

/* Begin PBXFrameworksBuildPhase section */
		B0247F4122C3C0CA00A63775 /* Frameworks */ = {
			isa = PBXFrameworksBuildPhase;
			buildActionMask = 2147483647;
			files = (
			);
			runOnlyForDeploymentPostprocessing = 0;
		};
/* End PBXFrameworksBuildPhase section */

/* Begin PBXGroup section */
		B007E73B22D0CE420002E845 /* Views */ = {
			isa = PBXGroup;
			children = (
				B007E73C22D0CE7F0002E845 /* CustomMenuHeaderView.swift */,
				B007E73E22D0D49C0002E845 /* SpacerView.swift */,
				B0225B2C22D1BCE60041A852 /* ProfileImageView.swift */,
				B0225B2E22D1C4E00041A852 /* MenuItemCell.swift */,
			);
			path = Views;
			sourceTree = "<group>";
		};
		B0247F3B22C3C0CA00A63775 = {
			isa = PBXGroup;
			children = (
				B0247F4622C3C0CA00A63775 /* SlideOutMenuLBTA */,
				B0247F4522C3C0CA00A63775 /* Products */,
			);
			sourceTree = "<group>";
		};
		B0247F4522C3C0CA00A63775 /* Products */ = {
			isa = PBXGroup;
			children = (
				B0247F4422C3C0CA00A63775 /* SlideOutMenuLBTA.app */,
			);
			name = Products;
			sourceTree = "<group>";
		};
		B0247F4622C3C0CA00A63775 /* SlideOutMenuLBTA */ = {
			isa = PBXGroup;
			children = (
				B007E73B22D0CE420002E845 /* Views */,
				B0247F5922C3C8B200A63775 /* Controllers */,
				B0247F4722C3C0CA00A63775 /* AppDelegate.swift */,
				B0247F4B22C3C0CA00A63775 /* Main.storyboard */,
				B0247F4E22C3C0CB00A63775 /* Assets.xcassets */,
				B0247F5022C3C0CB00A63775 /* LaunchScreen.storyboard */,
				B0247F5322C3C0CB00A63775 /* Info.plist */,
			);
			path = SlideOutMenuLBTA;
			sourceTree = "<group>";
		};
		B0247F5922C3C8B200A63775 /* Controllers */ = {
			isa = PBXGroup;
			children = (
				B0DFDC5B22D09B170000EA93 /* Base */,
				B0247F5A22C3C8D500A63775 /* MenuController.swift */,
				B0247F4922C3C0CA00A63775 /* HomeController.swift */,
				B026BAD422D24E70008DD381 /* ListsController.swift */,
				B0886BD422D3372100CFFD7E /* BookmarksController.swift */,
				B02C2B4822D4738D00723F0D /* ChatroomsMenuController.swift */,
			);
			path = Controllers;
			sourceTree = "<group>";
		};
		B0DFDC5B22D09B170000EA93 /* Base */ = {
			isa = PBXGroup;
			children = (
				B0DFDC5C22D09B470000EA93 /* BaseSlidingController.swift */,
			);
			path = Base;
			sourceTree = "<group>";
		};
/* End PBXGroup section */

/* Begin PBXNativeTarget section */
		B0247F4322C3C0CA00A63775 /* SlideOutMenuLBTA */ = {
			isa = PBXNativeTarget;
			buildConfigurationList = B0247F5622C3C0CB00A63775 /* Build configuration list for PBXNativeTarget "SlideOutMenuLBTA" */;
			buildPhases = (
				B0247F4022C3C0CA00A63775 /* Sources */,
				B0247F4122C3C0CA00A63775 /* Frameworks */,
				B0247F4222C3C0CA00A63775 /* Resources */,
			);
			buildRules = (
			);
			dependencies = (
			);
			name = SlideOutMenuLBTA;
			productName = SlideOutMenuLBTA;
			productReference = B0247F4422C3C0CA00A63775 /* SlideOutMenuLBTA.app */;
			productType = "com.apple.product-type.application";
		};
/* End PBXNativeTarget section */

/* Begin PBXProject section */
		B0247F3C22C3C0CA00A63775 /* Project object */ = {
			isa = PBXProject;
			attributes = {
				LastSwiftUpdateCheck = 1020;
				LastUpgradeCheck = 1020;
				ORGANIZATIONNAME = "Maksim Nosov";
				TargetAttributes = {
					B0247F4322C3C0CA00A63775 = {
						CreatedOnToolsVersion = 10.2.1;
					};
				};
			};
			buildConfigurationList = B0247F3F22C3C0CA00A63775 /* Build configuration list for PBXProject "SlideOutMenuLBTA" */;
			compatibilityVersion = "Xcode 9.3";
			developmentRegion = en;
			hasScannedForEncodings = 0;
			knownRegions = (
				en,
				Base,
			);
			mainGroup = B0247F3B22C3C0CA00A63775;
			productRefGroup = B0247F4522C3C0CA00A63775 /* Products */;
			projectDirPath = "";
			projectRoot = "";
			targets = (
				B0247F4322C3C0CA00A63775 /* SlideOutMenuLBTA */,
			);
		};
/* End PBXProject section */

/* Begin PBXResourcesBuildPhase section */
		B0247F4222C3C0CA00A63775 /* Resources */ = {
			isa = PBXResourcesBuildPhase;
			buildActionMask = 2147483647;
			files = (
				B0247F5222C3C0CB00A63775 /* LaunchScreen.storyboard in Resources */,
				B0247F4F22C3C0CB00A63775 /* Assets.xcassets in Resources */,
				B0247F4D22C3C0CA00A63775 /* Main.storyboard in Resources */,
			);
			runOnlyForDeploymentPostprocessing = 0;
		};
/* End PBXResourcesBuildPhase section */

/* Begin PBXSourcesBuildPhase section */
		B0247F4022C3C0CA00A63775 /* Sources */ = {
			isa = PBXSourcesBuildPhase;
			buildActionMask = 2147483647;
			files = (
				B0247F4A22C3C0CA00A63775 /* HomeController.swift in Sources */,
				B0225B2F22D1C4E00041A852 /* MenuItemCell.swift in Sources */,
				B0225B2D22D1BCE60041A852 /* ProfileImageView.swift in Sources */,
				B0247F5B22C3C8D500A63775 /* MenuController.swift in Sources */,
				B007E73F22D0D49C0002E845 /* SpacerView.swift in Sources */,
				B02C2B4922D4738D00723F0D /* ChatroomsMenuController.swift in Sources */,
				B0247F4822C3C0CA00A63775 /* AppDelegate.swift in Sources */,
				B007E73D22D0CE7F0002E845 /* CustomMenuHeaderView.swift in Sources */,
				B026BAD522D24E70008DD381 /* ListsController.swift in Sources */,
				B0DFDC5D22D09B470000EA93 /* BaseSlidingController.swift in Sources */,
				B0886BD522D3372100CFFD7E /* BookmarksController.swift in Sources */,
			);
			runOnlyForDeploymentPostprocessing = 0;
		};
/* End PBXSourcesBuildPhase section */

/* Begin PBXVariantGroup section */
		B0247F4B22C3C0CA00A63775 /* Main.storyboard */ = {
			isa = PBXVariantGroup;
			children = (
				B0247F4C22C3C0CA00A63775 /* Base */,
			);
			name = Main.storyboard;
			sourceTree = "<group>";
		};
		B0247F5022C3C0CB00A63775 /* LaunchScreen.storyboard */ = {
			isa = PBXVariantGroup;
			children = (
				B0247F5122C3C0CB00A63775 /* Base */,
			);
			name = LaunchScreen.storyboard;
			sourceTree = "<group>";
		};
/* End PBXVariantGroup section */

/* Begin XCBuildConfiguration section */
		B0247F5422C3C0CB00A63775 /* Debug */ = {
			isa = XCBuildConfiguration;
			buildSettings = {
				ALWAYS_SEARCH_USER_PATHS = NO;
				CLANG_ANALYZER_NONNULL = YES;
				CLANG_ANALYZER_NUMBER_OBJECT_CONVERSION = YES_AGGRESSIVE;
				CLANG_CXX_LANGUAGE_STANDARD = "gnu++14";
				CLANG_CXX_LIBRARY = "libc++";
				CLANG_ENABLE_MODULES = YES;
				CLANG_ENABLE_OBJC_ARC = YES;
				CLANG_ENABLE_OBJC_WEAK = YES;
				CLANG_WARN_BLOCK_CAPTURE_AUTORELEASING = YES;
				CLANG_WARN_BOOL_CONVERSION = YES;
				CLANG_WARN_COMMA = YES;
				CLANG_WARN_CONSTANT_CONVERSION = YES;
				CLANG_WARN_DEPRECATED_OBJC_IMPLEMENTATIONS = YES;
				CLANG_WARN_DIRECT_OBJC_ISA_USAGE = YES_ERROR;
				CLANG_WARN_DOCUMENTATION_COMMENTS = YES;
				CLANG_WARN_EMPTY_BODY = YES;
				CLANG_WARN_ENUM_CONVERSION = YES;
				CLANG_WARN_INFINITE_RECURSION = YES;
				CLANG_WARN_INT_CONVERSION = YES;
				CLANG_WARN_NON_LITERAL_NULL_CONVERSION = YES;
				CLANG_WARN_OBJC_IMPLICIT_RETAIN_SELF = YES;
				CLANG_WARN_OBJC_LITERAL_CONVERSION = YES;
				CLANG_WARN_OBJC_ROOT_CLASS = YES_ERROR;
				CLANG_WARN_RANGE_LOOP_ANALYSIS = YES;
				CLANG_WARN_STRICT_PROTOTYPES = YES;
				CLANG_WARN_SUSPICIOUS_MOVE = YES;
				CLANG_WARN_UNGUARDED_AVAILABILITY = YES_AGGRESSIVE;
				CLANG_WARN_UNREACHABLE_CODE = YES;
				CLANG_WARN__DUPLICATE_METHOD_MATCH = YES;
				CODE_SIGN_IDENTITY = "iPhone Developer";
				COPY_PHASE_STRIP = NO;
				DEBUG_INFORMATION_FORMAT = dwarf;
				ENABLE_STRICT_OBJC_MSGSEND = YES;
				ENABLE_TESTABILITY = YES;
				GCC_C_LANGUAGE_STANDARD = gnu11;
				GCC_DYNAMIC_NO_PIC = NO;
				GCC_NO_COMMON_BLOCKS = YES;
				GCC_OPTIMIZATION_LEVEL = 0;
				GCC_PREPROCESSOR_DEFINITIONS = (
					"DEBUG=1",
					"$(inherited)",
				);
				GCC_WARN_64_TO_32_BIT_CONVERSION = YES;
				GCC_WARN_ABOUT_RETURN_TYPE = YES_ERROR;
				GCC_WARN_UNDECLARED_SELECTOR = YES;
				GCC_WARN_UNINITIALIZED_AUTOS = YES_AGGRESSIVE;
				GCC_WARN_UNUSED_FUNCTION = YES;
				GCC_WARN_UNUSED_VARIABLE = YES;
				IPHONEOS_DEPLOYMENT_TARGET = 12.2;
				MTL_ENABLE_DEBUG_INFO = INCLUDE_SOURCE;
				MTL_FAST_MATH = YES;
				ONLY_ACTIVE_ARCH = YES;
				SDKROOT = iphoneos;
				SWIFT_ACTIVE_COMPILATION_CONDITIONS = DEBUG;
				SWIFT_OPTIMIZATION_LEVEL = "-Onone";
			};
			name = Debug;
		};
		B0247F5522C3C0CB00A63775 /* Release */ = {
			isa = XCBuildConfiguration;
			buildSettings = {
				ALWAYS_SEARCH_USER_PATHS = NO;
				CLANG_ANALYZER_NONNULL = YES;
				CLANG_ANALYZER_NUMBER_OBJECT_CONVERSION = YES_AGGRESSIVE;
				CLANG_CXX_LANGUAGE_STANDARD = "gnu++14";
				CLANG_CXX_LIBRARY = "libc++";
				CLANG_ENABLE_MODULES = YES;
				CLANG_ENABLE_OBJC_ARC = YES;
				CLANG_ENABLE_OBJC_WEAK = YES;
				CLANG_WARN_BLOCK_CAPTURE_AUTORELEASING = YES;
				CLANG_WARN_BOOL_CONVERSION = YES;
				CLANG_WARN_COMMA = YES;
				CLANG_WARN_CONSTANT_CONVERSION = YES;
				CLANG_WARN_DEPRECATED_OBJC_IMPLEMENTATIONS = YES;
				CLANG_WARN_DIRECT_OBJC_ISA_USAGE = YES_ERROR;
				CLANG_WARN_DOCUMENTATION_COMMENTS = YES;
				CLANG_WARN_EMPTY_BODY = YES;
				CLANG_WARN_ENUM_CONVERSION = YES;
				CLANG_WARN_INFINITE_RECURSION = YES;
				CLANG_WARN_INT_CONVERSION = YES;
				CLANG_WARN_NON_LITERAL_NULL_CONVERSION = YES;
				CLANG_WARN_OBJC_IMPLICIT_RETAIN_SELF = YES;
				CLANG_WARN_OBJC_LITERAL_CONVERSION = YES;
				CLANG_WARN_OBJC_ROOT_CLASS = YES_ERROR;
				CLANG_WARN_RANGE_LOOP_ANALYSIS = YES;
				CLANG_WARN_STRICT_PROTOTYPES = YES;
				CLANG_WARN_SUSPICIOUS_MOVE = YES;
				CLANG_WARN_UNGUARDED_AVAILABILITY = YES_AGGRESSIVE;
				CLANG_WARN_UNREACHABLE_CODE = YES;
				CLANG_WARN__DUPLICATE_METHOD_MATCH = YES;
				CODE_SIGN_IDENTITY = "iPhone Developer";
				COPY_PHASE_STRIP = NO;
				DEBUG_INFORMATION_FORMAT = "dwarf-with-dsym";
				ENABLE_NS_ASSERTIONS = NO;
				ENABLE_STRICT_OBJC_MSGSEND = YES;
				GCC_C_LANGUAGE_STANDARD = gnu11;
				GCC_NO_COMMON_BLOCKS = YES;
				GCC_WARN_64_TO_32_BIT_CONVERSION = YES;
				GCC_WARN_ABOUT_RETURN_TYPE = YES_ERROR;
				GCC_WARN_UNDECLARED_SELECTOR = YES;
				GCC_WARN_UNINITIALIZED_AUTOS = YES_AGGRESSIVE;
				GCC_WARN_UNUSED_FUNCTION = YES;
				GCC_WARN_UNUSED_VARIABLE = YES;
				IPHONEOS_DEPLOYMENT_TARGET = 12.2;
				MTL_ENABLE_DEBUG_INFO = NO;
				MTL_FAST_MATH = YES;
				SDKROOT = iphoneos;
				SWIFT_COMPILATION_MODE = wholemodule;
				SWIFT_OPTIMIZATION_LEVEL = "-O";
				VALIDATE_PRODUCT = YES;
			};
			name = Release;
		};
		B0247F5722C3C0CB00A63775 /* Debug */ = {
			isa = XCBuildConfiguration;
			buildSettings = {
				ASSETCATALOG_COMPILER_APPICON_NAME = AppIcon;
				CODE_SIGN_STYLE = Automatic;
				DEVELOPMENT_TEAM = "";
				INFOPLIST_FILE = SlideOutMenuLBTA/Info.plist;
				LD_RUNPATH_SEARCH_PATHS = (
					"$(inherited)",
					"@executable_path/Frameworks",
				);
				PRODUCT_BUNDLE_IDENTIFIER = ozolc.SlideOutMenuLBTA;
				PRODUCT_NAME = "$(TARGET_NAME)";
				SWIFT_VERSION = 5.0;
				TARGETED_DEVICE_FAMILY = "1,2";
			};
			name = Debug;
		};
		B0247F5822C3C0CB00A63775 /* Release */ = {
			isa = XCBuildConfiguration;
			buildSettings = {
				ASSETCATALOG_COMPILER_APPICON_NAME = AppIcon;
				CODE_SIGN_STYLE = Automatic;
				DEVELOPMENT_TEAM = "";
				INFOPLIST_FILE = SlideOutMenuLBTA/Info.plist;
				LD_RUNPATH_SEARCH_PATHS = (
					"$(inherited)",
					"@executable_path/Frameworks",
				);
				PRODUCT_BUNDLE_IDENTIFIER = ozolc.SlideOutMenuLBTA;
				PRODUCT_NAME = "$(TARGET_NAME)";
				SWIFT_VERSION = 5.0;
				TARGETED_DEVICE_FAMILY = "1,2";
			};
			name = Release;
		};
/* End XCBuildConfiguration section */

/* Begin XCConfigurationList section */
		B0247F3F22C3C0CA00A63775 /* Build configuration list for PBXProject "SlideOutMenuLBTA" */ = {
			isa = XCConfigurationList;
			buildConfigurations = (
				B0247F5422C3C0CB00A63775 /* Debug */,
				B0247F5522C3C0CB00A63775 /* Release */,
			);
			defaultConfigurationIsVisible = 0;
			defaultConfigurationName = Release;
		};
		B0247F5622C3C0CB00A63775 /* Build configuration list for PBXNativeTarget "SlideOutMenuLBTA" */ = {
			isa = XCConfigurationList;
			buildConfigurations = (
				B0247F5722C3C0CB00A63775 /* Debug */,
				B0247F5822C3C0CB00A63775 /* Release */,
			);
			defaultConfigurationIsVisible = 0;
			defaultConfigurationName = Release;
		};
/* End XCConfigurationList section */
	};
	rootObject = B0247F3C22C3C0CA00A63775 /* Project object */;
}
